
Microsoft Visual Studio Solution File, Format Version 12.00
# Visual Studio Version 17
VisualStudioVersion = 17.0.31919.166
MinimumVisualStudioVersion = 10.0.40219.1
Project("{9A19103F-16F7-4668-BE54-9A1E7A4F7556}") = "ReusableUserControls", "ReusableUserControls\ReusableUserControls.csproj", "{BCB1A6A7-48E3-47C0-9110-DF183D21A09E}"
EndProject
Project("{FAE04EC0-301F-11D3-BF4B-00C04F79EFBC}") = "WPF2DGraphics", "WPF2DGraphics\WPF2DGraphics.csproj", "{345D9C10-5ED4-41E4-A418-E4F658D02956}"
EndProject
Project("{FAE04EC0-301F-11D3-BF4B-00C04F79EFBC}") = "WPF3DGraphics", "WPF3DGraphics\WPF3DGraphics.csproj", "{435B9BE0-BCD9-4C86-B6E4-D91212D8A441}"
EndProject
Project("{FAE04EC0-301F-11D3-BF4B-00C04F79EFBC}") = "WPFAnimation", "WPFAnimation\WPFAnimation.csproj", "{49748DC9-DDDC-451D-9C8C-9A1604927A6B}"
EndProject
Project("{FAE04EC0-301F-11D3-BF4B-00C04F79EFBC}") = "WPFButton", "WPFButton\WPFButton.csproj", "{510E8599-4661-44CB-BF05-81B8E8F0FC00}"
EndProject
Project("{FAE04EC0-301F-11D3-BF4B-00C04F79EFBC}") = "WPFChart", "WPFChart\WPFChart.csproj", "{32C557F8-AE25-4877-B41A-E411C6A26E39}"
EndProject
Project("{FAE04EC0-301F-11D3-BF4B-00C04F79EFBC}") = "WPFComboBox", "WPFComboBox\WPFComboBox.csproj", "{19A5995B-1538-48EC-BEB6-029273840FA4}"
EndProject
Project("{FAE04EC0-301F-11D3-BF4B-00C04F79EFBC}") = "WPFWindow", "WPFWindow\WPFWindow.csproj", "{28CC2667-54EE-46C7-8FC2-F904BDF90096}"
EndProject
Project("{FAE04EC0-301F-11D3-BF4B-00C04F79EFBC}") = "WPFVisualState", "WPFVisualState\WPFVisualState.csproj", "{9182E0BD-9D29-4B86-940A-16ADCEE3B317}"
EndProject
Project("{FAE04EC0-301F-11D3-BF4B-00C04F79EFBC}") = "WPFTreeView", "WPFTreeView\WPFTreeView.csproj", "{8C4B6AD0-2D5F-462C-8321-429F02523159}"
EndProject
Project("{FAE04EC0-301F-11D3-BF4B-00C04F79EFBC}") = "WPFThumb", "WPFThumb\WPFThumb.csproj", "{D9BC6D7F-6118-4ECC-812A-6D9C0BC4C0C8}"
EndProject
Project("{FAE04EC0-301F-11D3-BF4B-00C04F79EFBC}") = "WPFTextBox", "WPFTextBox\WPFTextBox.csproj", "{B892876D-8D83-4BBE-B7B2-D9AA6FFFC680}"
EndProject
Project("{FAE04EC0-301F-11D3-BF4B-00C04F79EFBC}") = "WPFTextBlock", "WPFTextBlock\WPFTextBlock.csproj", "{5FE8F81F-FDE9-478D-8BD2-A74C474B3AFB}"
EndProject
Project("{FAE04EC0-301F-11D3-BF4B-00C04F79EFBC}") = "WPFTabControl", "WPFTabControl\WPFTabControl.csproj", "{4866E61C-11F0-464A-BE24-2B867D23459D}"
EndProject
Project("{FAE04EC0-301F-11D3-BF4B-00C04F79EFBC}") = "WPFPath", "WPFPath\WPFPath.csproj", "{9B91CAD3-4800-4EB7-8BEA-CAFEDE79BA53}"
EndProject
Project("{FAE04EC0-301F-11D3-BF4B-00C04F79EFBC}") = "WPFPanel", "WPFPanel\WPFPanel.csproj", "{F5EC7A49-2BB0-4B68-A21D-AC76EA31A317}"
EndProject
Project("{FAE04EC0-301F-11D3-BF4B-00C04F79EFBC}") = "WPFNavigate", "WPFNavigate\WPFNavigate.csproj", "{6F0B98E3-4FF1-49CF-AE97-762E0B359B68}"
EndProject
Project("{FAE04EC0-301F-11D3-BF4B-00C04F79EFBC}") = "WPFMouse", "WPFMouse\WPFMouse.csproj", "{C9E64179-FBA2-4D66-8173-6C6FB5A32830}"
EndProject
Project("{FAE04EC0-301F-11D3-BF4B-00C04F79EFBC}") = "WPFListBox", "WPFListBox\WPFListBox.csproj", "{4FF11408-BA93-4A0F-9DA3-47AD2A96C1DE}"
EndProject
Project("{FAE04EC0-301F-11D3-BF4B-00C04F79EFBC}") = "WPFItemsControl", "WPFItemsControl\WPFItemsControl.csproj", "{E946BA0E-50C4-4084-A246-786F9787D668}"
EndProject
Project("{FAE04EC0-301F-11D3-BF4B-00C04F79EFBC}") = "WPFGrid", "WPFGrid\WPFGrid.csproj", "{9725B827-C994-4D7B-BD21-C1EE71142714}"
EndProject
Project("{FAE04EC0-301F-11D3-BF4B-00C04F79EFBC}") = "WPFExpander", "WPFExpander\WPFExpander.csproj", "{4A89B3DF-7B74-46B6-B131-3077224994A5}"
EndProject
Project("{FAE04EC0-301F-11D3-BF4B-00C04F79EFBC}") = "WPFDependencyProperty", "WPFDependencyProperty\WPFDependencyProperty.csproj", "{24F56F2A-1C5E-4D67-BC6A-5CC0BE3375DA}"
EndProject
Project("{FAE04EC0-301F-11D3-BF4B-00C04F79EFBC}") = "WPFDataGrid", "WPFDataGrid\WPFDataGrid.csproj", "{0CE151DB-622A-41ED-AEB6-21D6F614F3DB}"
EndProject
Project("{FAE04EC0-301F-11D3-BF4B-00C04F79EFBC}") = "WPFContentControl", "WPFContentControl\WPFContentControl.csproj", "{C4764891-4F45-43F4-A1CA-DA66937F9624}"
EndProject
Project("{FAE04EC0-301F-11D3-BF4B-00C04F79EFBC}") = "WPFCommon", "WPFCommon\WPFCommon.csproj", "{A0F9C22B-B526-44DD-B58A-A837E3A833EC}"
EndProject
Global
	GlobalSection(SolutionConfigurationPlatforms) = preSolution
		Debug|Any CPU = Debug|Any CPU
		Release|Any CPU = Release|Any CPU
	EndGlobalSection
	GlobalSection(ProjectConfigurationPlatforms) = postSolution
		{BCB1A6A7-48E3-47C0-9110-DF183D21A09E}.Debug|Any CPU.ActiveCfg = Debug|Any CPU
		{BCB1A6A7-48E3-47C0-9110-DF183D21A09E}.Debug|Any CPU.Build.0 = Debug|Any CPU
		{BCB1A6A7-48E3-47C0-9110-DF183D21A09E}.Release|Any CPU.ActiveCfg = Release|Any CPU
		{BCB1A6A7-48E3-47C0-9110-DF183D21A09E}.Release|Any CPU.Build.0 = Release|Any CPU
		{345D9C10-5ED4-41E4-A418-E4F658D02956}.Debug|Any CPU.ActiveCfg = Debug|Any CPU
		{345D9C10-5ED4-41E4-A418-E4F658D02956}.Debug|Any CPU.Build.0 = Debug|Any CPU
		{345D9C10-5ED4-41E4-A418-E4F658D02956}.Release|Any CPU.ActiveCfg = Release|Any CPU
		{345D9C10-5ED4-41E4-A418-E4F658D02956}.Release|Any CPU.Build.0 = Release|Any CPU
		{435B9BE0-BCD9-4C86-B6E4-D91212D8A441}.Debug|Any CPU.ActiveCfg = Debug|Any CPU
		{435B9BE0-BCD9-4C86-B6E4-D91212D8A441}.Debug|Any CPU.Build.0 = Debug|Any CPU
		{435B9BE0-BCD9-4C86-B6E4-D91212D8A441}.Release|Any CPU.ActiveCfg = Release|Any CPU
		{435B9BE0-BCD9-4C86-B6E4-D91212D8A441}.Release|Any CPU.Build.0 = Release|Any CPU
		{49748DC9-DDDC-451D-9C8C-9A1604927A6B}.Debug|Any CPU.ActiveCfg = Debug|Any CPU
		{49748DC9-DDDC-451D-9C8C-9A1604927A6B}.Debug|Any CPU.Build.0 = Debug|Any CPU
		{49748DC9-DDDC-451D-9C8C-9A1604927A6B}.Release|Any CPU.ActiveCfg = Release|Any CPU
		{49748DC9-DDDC-451D-9C8C-9A1604927A6B}.Release|Any CPU.Build.0 = Release|Any CPU
		{510E8599-4661-44CB-BF05-81B8E8F0FC00}.Debug|Any CPU.ActiveCfg = Debug|Any CPU
		{510E8599-4661-44CB-BF05-81B8E8F0FC00}.Debug|Any CPU.Build.0 = Debug|Any CPU
		{510E8599-4661-44CB-BF05-81B8E8F0FC00}.Release|Any CPU.ActiveCfg = Release|Any CPU
		{510E8599-4661-44CB-BF05-81B8E8F0FC00}.Release|Any CPU.Build.0 = Release|Any CPU
		{32C557F8-AE25-4877-B41A-E411C6A26E39}.Debug|Any CPU.ActiveCfg = Debug|Any CPU
		{32C557F8-AE25-4877-B41A-E411C6A26E39}.Debug|Any CPU.Build.0 = Debug|Any CPU
		{32C557F8-AE25-4877-B41A-E411C6A26E39}.Release|Any CPU.ActiveCfg = Release|Any CPU
		{32C557F8-AE25-4877-B41A-E411C6A26E39}.Release|Any CPU.Build.0 = Release|Any CPU
		{19A5995B-1538-48EC-BEB6-029273840FA4}.Debug|Any CPU.ActiveCfg = Debug|Any CPU
		{19A5995B-1538-48EC-BEB6-029273840FA4}.Debug|Any CPU.Build.0 = Debug|Any CPU
		{19A5995B-1538-48EC-BEB6-029273840FA4}.Release|Any CPU.ActiveCfg = Release|Any CPU
		{19A5995B-1538-48EC-BEB6-029273840FA4}.Release|Any CPU.Build.0 = Release|Any CPU
		{28CC2667-54EE-46C7-8FC2-F904BDF90096}.Debug|Any CPU.ActiveCfg = Debug|Any CPU
		{28CC2667-54EE-46C7-8FC2-F904BDF90096}.Debug|Any CPU.Build.0 = Debug|Any CPU
		{28CC2667-54EE-46C7-8FC2-F904BDF90096}.Release|Any CPU.ActiveCfg = Release|Any CPU
		{28CC2667-54EE-46C7-8FC2-F904BDF90096}.Release|Any CPU.Build.0 = Release|Any CPU
		{9182E0BD-9D29-4B86-940A-16ADCEE3B317}.Debug|Any CPU.ActiveCfg = Debug|Any CPU
		{9182E0BD-9D29-4B86-940A-16ADCEE3B317}.Debug|Any CPU.Build.0 = Debug|Any CPU
		{9182E0BD-9D29-4B86-940A-16ADCEE3B317}.Release|Any CPU.ActiveCfg = Release|Any CPU
		{9182E0BD-9D29-4B86-940A-16ADCEE3B317}.Release|Any CPU.Build.0 = Release|Any CPU
		{8C4B6AD0-2D5F-462C-8321-429F02523159}.Debug|Any CPU.ActiveCfg = Debug|Any CPU
		{8C4B6AD0-2D5F-462C-8321-429F02523159}.Debug|Any CPU.Build.0 = Debug|Any CPU
		{8C4B6AD0-2D5F-462C-8321-429F02523159}.Release|Any CPU.ActiveCfg = Release|Any CPU
		{8C4B6AD0-2D5F-462C-8321-429F02523159}.Release|Any CPU.Build.0 = Release|Any CPU
		{D9BC6D7F-6118-4ECC-812A-6D9C0BC4C0C8}.Debug|Any CPU.ActiveCfg = Debug|Any CPU
		{D9BC6D7F-6118-4ECC-812A-6D9C0BC4C0C8}.Debug|Any CPU.Build.0 = Debug|Any CPU
		{D9BC6D7F-6118-4ECC-812A-6D9C0BC4C0C8}.Release|Any CPU.ActiveCfg = Release|Any CPU
		{D9BC6D7F-6118-4ECC-812A-6D9C0BC4C0C8}.Release|Any CPU.Build.0 = Release|Any CPU
		{B892876D-8D83-4BBE-B7B2-D9AA6FFFC680}.Debug|Any CPU.ActiveCfg = Debug|Any CPU
		{B892876D-8D83-4BBE-B7B2-D9AA6FFFC680}.Debug|Any CPU.Build.0 = Debug|Any CPU
		{B892876D-8D83-4BBE-B7B2-D9AA6FFFC680}.Release|Any CPU.ActiveCfg = Release|Any CPU
		{B892876D-8D83-4BBE-B7B2-D9AA6FFFC680}.Release|Any CPU.Build.0 = Release|Any CPU
		{5FE8F81F-FDE9-478D-8BD2-A74C474B3AFB}.Debug|Any CPU.ActiveCfg = Debug|Any CPU
		{5FE8F81F-FDE9-478D-8BD2-A74C474B3AFB}.Debug|Any CPU.Build.0 = Debug|Any CPU
		{5FE8F81F-FDE9-478D-8BD2-A74C474B3AFB}.Release|Any CPU.ActiveCfg = Release|Any CPU
		{5FE8F81F-FDE9-478D-8BD2-A74C474B3AFB}.Release|Any CPU.Build.0 = Release|Any CPU
		{4866E61C-11F0-464A-BE24-2B867D23459D}.Debug|Any CPU.ActiveCfg = Debug|Any CPU
		{4866E61C-11F0-464A-BE24-2B867D23459D}.Debug|Any CPU.Build.0 = Debug|Any CPU
		{4866E61C-11F0-464A-BE24-2B867D23459D}.Release|Any CPU.ActiveCfg = Release|Any CPU
		{4866E61C-11F0-464A-BE24-2B867D23459D}.Release|Any CPU.Build.0 = Release|Any CPU
		{9B91CAD3-4800-4EB7-8BEA-CAFEDE79BA53}.Debug|Any CPU.ActiveCfg = Debug|Any CPU
		{9B91CAD3-4800-4EB7-8BEA-CAFEDE79BA53}.Debug|Any CPU.Build.0 = Debug|Any CPU
		{9B91CAD3-4800-4EB7-8BEA-CAFEDE79BA53}.Release|Any CPU.ActiveCfg = Release|Any CPU
		{9B91CAD3-4800-4EB7-8BEA-CAFEDE79BA53}.Release|Any CPU.Build.0 = Release|Any CPU
		{F5EC7A49-2BB0-4B68-A21D-AC76EA31A317}.Debug|Any CPU.ActiveCfg = Debug|Any CPU
		{F5EC7A49-2BB0-4B68-A21D-AC76EA31A317}.Debug|Any CPU.Build.0 = Debug|Any CPU
		{F5EC7A49-2BB0-4B68-A21D-AC76EA31A317}.Release|Any CPU.ActiveCfg = Release|Any CPU
		{F5EC7A49-2BB0-4B68-A21D-AC76EA31A317}.Release|Any CPU.Build.0 = Release|Any CPU
		{6F0B98E3-4FF1-49CF-AE97-762E0B359B68}.Debug|Any CPU.ActiveCfg = Debug|Any CPU
		{6F0B98E3-4FF1-49CF-AE97-762E0B359B68}.Debug|Any CPU.Build.0 = Debug|Any CPU
		{6F0B98E3-4FF1-49CF-AE97-762E0B359B68}.Release|Any CPU.ActiveCfg = Release|Any CPU
		{6F0B98E3-4FF1-49CF-AE97-762E0B359B68}.Release|Any CPU.Build.0 = Release|Any CPU
		{C9E64179-FBA2-4D66-8173-6C6FB5A32830}.Debug|Any CPU.ActiveCfg = Debug|Any CPU
		{C9E64179-FBA2-4D66-8173-6C6FB5A32830}.Debug|Any CPU.Build.0 = Debug|Any CPU
		{C9E64179-FBA2-4D66-8173-6C6FB5A32830}.Release|Any CPU.ActiveCfg = Release|Any CPU
		{C9E64179-FBA2-4D66-8173-6C6FB5A32830}.Release|Any CPU.Build.0 = Release|Any CPU
		{4FF11408-BA93-4A0F-9DA3-47AD2A96C1DE}.Debug|Any CPU.ActiveCfg = Debug|Any CPU
		{4FF11408-BA93-4A0F-9DA3-47AD2A96C1DE}.Debug|Any CPU.Build.0 = Debug|Any CPU
		{4FF11408-BA93-4A0F-9DA3-47AD2A96C1DE}.Release|Any CPU.ActiveCfg = Release|Any CPU
		{4FF11408-BA93-4A0F-9DA3-47AD2A96C1DE}.Release|Any CPU.Build.0 = Release|Any CPU
		{E946BA0E-50C4-4084-A246-786F9787D668}.Debug|Any CPU.ActiveCfg = Debug|Any CPU
		{E946BA0E-50C4-4084-A246-786F9787D668}.Debug|Any CPU.Build.0 = Debug|Any CPU
		{E946BA0E-50C4-4084-A246-786F9787D668}.Release|Any CPU.ActiveCfg = Release|Any CPU
		{E946BA0E-50C4-4084-A246-786F9787D668}.Release|Any CPU.Build.0 = Release|Any CPU
		{9725B827-C994-4D7B-BD21-C1EE71142714}.Debug|Any CPU.ActiveCfg = Debug|Any CPU
		{9725B827-C994-4D7B-BD21-C1EE71142714}.Debug|Any CPU.Build.0 = Debug|Any CPU
		{9725B827-C994-4D7B-BD21-C1EE71142714}.Release|Any CPU.ActiveCfg = Release|Any CPU
		{9725B827-C994-4D7B-BD21-C1EE71142714}.Release|Any CPU.Build.0 = Release|Any CPU
		{4A89B3DF-7B74-46B6-B131-3077224994A5}.Debug|Any CPU.ActiveCfg = Debug|Any CPU
		{4A89B3DF-7B74-46B6-B131-3077224994A5}.Debug|Any CPU.Build.0 = Debug|Any CPU
		{4A89B3DF-7B74-46B6-B131-3077224994A5}.Release|Any CPU.ActiveCfg = Release|Any CPU
		{4A89B3DF-7B74-46B6-B131-3077224994A5}.Release|Any CPU.Build.0 = Release|Any CPU
		{24F56F2A-1C5E-4D67-BC6A-5CC0BE3375DA}.Debug|Any CPU.ActiveCfg = Debug|Any CPU
		{24F56F2A-1C5E-4D67-BC6A-5CC0BE3375DA}.Debug|Any CPU.Build.0 = Debug|Any CPU
		{24F56F2A-1C5E-4D67-BC6A-5CC0BE3375DA}.Release|Any CPU.ActiveCfg = Release|Any CPU
		{24F56F2A-1C5E-4D67-BC6A-5CC0BE3375DA}.Release|Any CPU.Build.0 = Release|Any CPU
		{0CE151DB-622A-41ED-AEB6-21D6F614F3DB}.Debug|Any CPU.ActiveCfg = Debug|Any CPU
		{0CE151DB-622A-41ED-AEB6-21D6F614F3DB}.Debug|Any CPU.Build.0 = Debug|Any CPU
		{0CE151DB-622A-41ED-AEB6-21D6F614F3DB}.Release|Any CPU.ActiveCfg = Release|Any CPU
		{0CE151DB-622A-41ED-AEB6-21D6F614F3DB}.Release|Any CPU.Build.0 = Release|Any CPU
		{C4764891-4F45-43F4-A1CA-DA66937F9624}.Debug|Any CPU.ActiveCfg = Debug|Any CPU
		{C4764891-4F45-43F4-A1CA-DA66937F9624}.Debug|Any CPU.Build.0 = Debug|Any CPU
		{C4764891-4F45-43F4-A1CA-DA66937F9624}.Release|Any CPU.ActiveCfg = Release|Any CPU
		{C4764891-4F45-43F4-A1CA-DA66937F9624}.Release|Any CPU.Build.0 = Release|Any CPU
		{A0F9C22B-B526-44DD-B58A-A837E3A833EC}.Debug|Any CPU.ActiveCfg = Debug|Any CPU
		{A0F9C22B-B526-44DD-B58A-A837E3A833EC}.Debug|Any CPU.Build.0 = Debug|Any CPU
		{A0F9C22B-B526-44DD-B58A-A837E3A833EC}.Release|Any CPU.ActiveCfg = Release|Any CPU
		{A0F9C22B-B526-44DD-B58A-A837E3A833EC}.Release|Any CPU.Build.0 = Release|Any CPU
	EndGlobalSection
	GlobalSection(SolutionProperties) = preSolution
		HideSolutionNode = FALSE
	EndGlobalSection
	GlobalSection(ExtensibilityGlobals) = postSolution
		SolutionGuid = {EF6F54E5-30D6-4AD2-A424-DCDDF362B481}
	EndGlobalSection
EndGlobal
