
Microsoft Visual Studio Solution File, Format Version 12.00
# Visual Studio Version 17
VisualStudioVersion = 17.0.31919.166
MinimumVisualStudioVersion = 10.0.40219.1
Project("{9A19103F-16F7-4668-BE54-9A1E7A4F7556}") = "WPF.RoutedEvent", "WPF.RoutedEvent\WPF.RoutedEvent.csproj", "{BCB1A6A7-48E3-47C0-9110-DF183D21A09E}"
EndProject
Project("{FAE04EC0-301F-11D3-BF4B-00C04F79EFBC}") = "WPF.Window", "WPF.Window\WPF.Window.csproj", "{28CC2667-54EE-46C7-8FC2-F904BDF90096}"
EndProject
Project("{FAE04EC0-301F-11D3-BF4B-00C04F79EFBC}") = "WPF.Thumb", "WPF.Thumb\WPF.Thumb.csproj", "{D9BC6D7F-6118-4ECC-812A-6D9C0BC4C0C8}"
EndProject
Project("{FAE04EC0-301F-11D3-BF4B-00C04F79EFBC}") = "WPF.TextBox", "WPF.TextBox\WPF.TextBox.csproj", "{B892876D-8D83-4BBE-B7B2-D9AA6FFFC680}"
EndProject
Project("{FAE04EC0-301F-11D3-BF4B-00C04F79EFBC}") = "WPF.TextBlock", "WPF.TextBlock\WPF.TextBlock.csproj", "{5FE8F81F-FDE9-478D-8BD2-A74C474B3AFB}"
EndProject
Project("{FAE04EC0-301F-11D3-BF4B-00C04F79EFBC}") = "WPF.TabControl", "WPF.TabControl\WPF.TabControl.csproj", "{4866E61C-11F0-464A-BE24-2B867D23459D}"
EndProject
Project("{FAE04EC0-301F-11D3-BF4B-00C04F79EFBC}") = "WPF.Panel", "WPF.Panel\WPF.Panel.csproj", "{F5EC7A49-2BB0-4B68-A21D-AC76EA31A317}"
EndProject
Project("{FAE04EC0-301F-11D3-BF4B-00C04F79EFBC}") = "WPF.ItemsControl", "WPF.ItemsControl\WPF.ItemsControl.csproj", "{E946BA0E-50C4-4084-A246-786F9787D668}"
EndProject
Project("{FAE04EC0-301F-11D3-BF4B-00C04F79EFBC}") = "WPF.Grid", "WPF.Grid\WPF.Grid.csproj", "{9725B827-C994-4D7B-BD21-C1EE71142714}"
EndProject
Project("{FAE04EC0-301F-11D3-BF4B-00C04F79EFBC}") = "WPF.Expander", "WPF.Expander\WPF.Expander.csproj", "{4A89B3DF-7B74-46B6-B131-3077224994A5}"
EndProject
Project("{FAE04EC0-301F-11D3-BF4B-00C04F79EFBC}") = "WPF.DependencyProperty", "WPF.DependencyProperty\WPF.DependencyProperty.csproj", "{24F56F2A-1C5E-4D67-BC6A-5CC0BE3375DA}"
EndProject
Project("{FAE04EC0-301F-11D3-BF4B-00C04F79EFBC}") = "WPF.ContentControl", "WPF.ContentControl\WPF.ContentControl.csproj", "{C4764891-4F45-43F4-A1CA-DA66937F9624}"
EndProject
Project("{FAE04EC0-301F-11D3-BF4B-00C04F79EFBC}") = "WPF.CheckBox", "WPF.CheckBox\WPF.CheckBox.csproj", "{B2653C06-BBB7-44A9-9452-446FF0675BB4}"
EndProject
Project("{FAE04EC0-301F-11D3-BF4B-00C04F79EFBC}") = "WPF.Button", "WPF.Button\WPF.Button.csproj", "{3A38B853-3F99-4EF8-B8D1-F8FA8F06C5C4}"
EndProject
Project("{FAE04EC0-301F-11D3-BF4B-00C04F79EFBC}") = "WPF.Draw3D", "WPF.Draw3D\WPF.Draw3D.csproj", "{E8C0EDA3-4B34-4E04-B3D0-A713A50AC144}"
EndProject
Project("{FAE04EC0-301F-11D3-BF4B-00C04F79EFBC}") = "WPF.Common", "WPF.Common\WPF.Common.csproj", "{A0F9C22B-B526-44DD-B58A-A837E3A833EC}"
EndProject
Project("{FAE04EC0-301F-11D3-BF4B-00C04F79EFBC}") = "WPF.Animation", "WPF.Animation\WPF.Animation.csproj", "{49748DC9-DDDC-451D-9C8C-9A1604927A6B}"
EndProject
Project("{FAE04EC0-301F-11D3-BF4B-00C04F79EFBC}") = "WPF.Win32API", "WPF.Win32API\WPF.Win32API.csproj", "{55277E95-2CAF-441F-8EA3-513311C274CB}"
EndProject
Project("{FAE04EC0-301F-11D3-BF4B-00C04F79EFBC}") = "WPF.UniformGrid", "WPF.UniformGrid\WPF.UniformGrid.csproj", "{CEF4C985-0764-4471-96C2-CE562A521B98}"
EndProject
Project("{FAE04EC0-301F-11D3-BF4B-00C04F79EFBC}") = "WPF.Slider", "WPF.Slider\WPF.Slider.csproj", "{5192C92A-A861-4EA7-8713-0C0623EE938D}"
EndProject
Project("{FAE04EC0-301F-11D3-BF4B-00C04F79EFBC}") = "WPF.ScrollBar", "WPF.ScrollBar\WPF.ScrollBar.csproj", "{917FD9CA-E0F0-45F8-B5CA-4CF9A2136464}"
EndProject
Project("{FAE04EC0-301F-11D3-BF4B-00C04F79EFBC}") = "WPF.ProgressBar", "WPF.ProgressBar\WPF.ProgressBar.csproj", "{647E4248-D742-4E76-AADE-5084437971A7}"
EndProject
Project("{FAE04EC0-301F-11D3-BF4B-00C04F79EFBC}") = "WPF.WindowChrome", "WPF.WindowChrome\WPF.WindowChrome.csproj", "{C266BFD5-2850-4657-9D33-0262E424E546}"
EndProject
Project("{9A19103F-16F7-4668-BE54-9A1E7A4F7556}") = "WPF.GraphicalShape", "WPF.Graphics\WPF.GraphicalShape.csproj", "{12967860-BEEB-46D5-BB39-6311614DD9D1}"
EndProject
Project("{9A19103F-16F7-4668-BE54-9A1E7A4F7556}") = "WPF.Popup", "WPF.Popup\WPF.Popup.csproj", "{ED03E06E-9F3F-4164-9583-880C59E0C7B4}"
EndProject
Project("{9A19103F-16F7-4668-BE54-9A1E7A4F7556}") = "WPF.Virtualization", "WPF.Virtualization\WPF.Virtualization.csproj", "{0726B850-2C83-43B7-91AB-F89D59E757FA}"
EndProject
Project("{2150E333-8FDC-42A3-9474-1A3956D46DE8}") = "Professional WPF Programming", "Professional WPF Programming", "{B722EBA3-C14B-4B95-A203-F0E7321F600C}"
EndProject
Project("{9A19103F-16F7-4668-BE54-9A1E7A4F7556}") = "WPF.Mouse", "WPF.Mouse\WPF.Mouse.csproj", "{105AB1ED-5004-4B7D-9041-B745CEBF015C}"
EndProject
Project("{9A19103F-16F7-4668-BE54-9A1E7A4F7556}") = "WPF.DatePickerCalendar", "WPF.DatePickerCalendar\WPF.DatePickerCalendar.csproj", "{E3F3FEF3-8F7C-47D2-A814-7122CB17799B}"
EndProject
Project("{FAE04EC0-301F-11D3-BF4B-00C04F79EFBC}") = "BitmapEffects", "..\..\..\..\Store\Edge\041802_Chapter6_Special Effects\Special Effects\BitmapEffects\BitmapEffects\BitmapEffects.csproj", "{687AF48A-52C7-40EE-8A6C-7C7612CFD0E0}"
EndProject
Project("{9A19103F-16F7-4668-BE54-9A1E7A4F7556}") = "WPF.BitmapEffects", "WPF.BitmapEffects\WPF.BitmapEffects.csproj", "{1C5F6F1A-D9E6-4BD2-AB70-CE79F49BB9C8}"
EndProject
Project("{FAE04EC0-301F-11D3-BF4B-00C04F79EFBC}") = "SampleArc", "..\..\..\..\Store\Edge\chapter07\041802\ch07\SampleArc\SampleArc.csproj", "{81828672-88B1-4651-9513-AEB3AF54E60C}"
EndProject
Project("{FAE04EC0-301F-11D3-BF4B-00C04F79EFBC}") = "CustomControlStep1", "..\..\..\..\Store\Edge\chapter07\041802\ch07\CustomControl\CustomControlStep1.csproj", "{B2C0F2DD-9ED2-4C2C-B246-FAE55BF1F068}"
EndProject
Project("{FAE04EC0-301F-11D3-BF4B-00C04F79EFBC}") = "CustomControlStep2", "..\..\..\..\Store\Edge\chapter07\041802\ch07\CustomControlStep2\CustomControlStep2.csproj", "{D30B498A-B3C0-422A-8A99-92148A9B0E9A}"
EndProject
Project("{FAE04EC0-301F-11D3-BF4B-00C04F79EFBC}") = "CustomControlStep3", "..\..\..\..\Store\Edge\chapter07\041802\ch07\CustomControlStep3\CustomControlStep3.csproj", "{4BF2C2D9-DAFF-49F0-87C3-EAEDB6C66F7B}"
EndProject
Project("{FAE04EC0-301F-11D3-BF4B-00C04F79EFBC}") = "WPFwithWin32", "..\..\..\..\Store\Edge\ch10\041802\Chap 10 - Examples\WPFwithWin32\WPFwithWin32\WPFwithWin32.csproj", "{3777CE66-FD46-4188-94B2-697C6BB66086}"
EndProject
Project("{9A19103F-16F7-4668-BE54-9A1E7A4F7556}") = "WPF.ComboBox", "WPF.ComboBox\WPF.ComboBox.csproj", "{71310526-7977-4616-92BD-370277617B7F}"
EndProject
Project("{9A19103F-16F7-4668-BE54-9A1E7A4F7556}") = "WPF.Behavior", "WPF.Behavior\WPF.Behavior.csproj", "{F53F067F-006A-4774-83FA-A4C063AE9776}"
EndProject
Project("{9A19103F-16F7-4668-BE54-9A1E7A4F7556}") = "WPF.Template", "WPF.Template\WPF.Template.csproj", "{09184502-0310-49B6-9B46-2A6F131D3A63}"
EndProject
Project("{2150E333-8FDC-42A3-9474-1A3956D46DE8}") = "Microsoft WPF Samples", "Microsoft WPF Samples", "{142CF392-E2AB-4904-A6E7-0858B52C46CF}"
EndProject
Project("{9A19103F-16F7-4668-BE54-9A1E7A4F7556}") = "WPF.Validation", "WPF.Validation\WPF.Validation.csproj", "{FF3009FB-9EA5-4D1B-8E22-C1AABBD4E9A1}"
EndProject
Project("{9A19103F-16F7-4668-BE54-9A1E7A4F7556}") = "WPF.ListBox", "WPF.ListBox\WPF.ListBox.csproj", "{DA9D66FD-F365-4D7B-BE5C-31A8751385FD}"
EndProject
Project("{9A19103F-16F7-4668-BE54-9A1E7A4F7556}") = "WPF.Navigate", "WPF.Navigate\WPF.Navigate.csproj", "{09D017C2-3215-42AF-8489-D3BCE185B7E5}"
EndProject
Project("{9A19103F-16F7-4668-BE54-9A1E7A4F7556}") = "WPF.ListView", "WPF.ListView\WPF.ListView.csproj", "{98ECE212-C3F8-4FEC-9B98-32A5D0425F67}"
EndProject
Project("{9A19103F-16F7-4668-BE54-9A1E7A4F7556}") = "WPF.DataGrid", "WPF.DataGrid\WPF.DataGrid.csproj", "{87DA45D1-0E2F-40E2-B0DA-388E85B9B5E7}"
EndProject
Project("{FAE04EC0-301F-11D3-BF4B-00C04F79EFBC}") = "WPF.Media", "WPF.Media\WPF.Media.csproj", "{AD150327-EB44-4AFE-AD8F-A66E68E3DEB9}"
EndProject
Project("{9A19103F-16F7-4668-BE54-9A1E7A4F7556}") = "WPF.ViewCollection", "WPF.ViewCollection\WPF.ViewCollection.csproj", "{60C50467-141B-4273-9F52-FF5D45F86BAE}"
EndProject
Project("{9A19103F-16F7-4668-BE54-9A1E7A4F7556}") = "WPF.Control", "WPF.Control\WPF.Control.csproj", "{08DFA826-7B9A-4987-B005-6C0498DC569C}"
EndProject
Project("{9A19103F-16F7-4668-BE54-9A1E7A4F7556}") = "WPF.Keyboard", "WPF.Keyboard\WPF.Keyboard.csproj", "{D0A21D44-741F-4749-895A-1E3FCC974C1D}"
EndProject
Project("{9A19103F-16F7-4668-BE54-9A1E7A4F7556}") = "WPF.Geometry&Path", "WPF.Geometry&Path\WPF.Geometry&Path.csproj", "{5DB8B579-1C04-4EB0-A689-31E2ACD39335}"
EndProject
Project("{9A19103F-16F7-4668-BE54-9A1E7A4F7556}") = "WPF.GraphicsTransform", "WPF.GraphicsTransform\WPF.GraphicsTransform.csproj", "{74EFF764-0D6A-4EAE-BEC8-37D2981B48DE}"
EndProject
Project("{9A19103F-16F7-4668-BE54-9A1E7A4F7556}") = "WPF.ScrollViewer", "WPF.ScrollViewer\WPF.ScrollViewer.csproj", "{A716FB44-D56F-4CE0-9FCF-E4B82E9D4B51}"
EndProject
Project("{9A19103F-16F7-4668-BE54-9A1E7A4F7556}") = "WPF.Brush", "WPF.Brush\WPF.Brush.csproj", "{240CF20C-9773-4B03-A870-D05FF8E25AC6}"
EndProject
Project("{9A19103F-16F7-4668-BE54-9A1E7A4F7556}") = "WPF.RichTextBox", "WPF.RichTextBox\WPF.RichTextBox.csproj", "{047F24B9-BB62-4175-A766-7D34927AB5B4}"
EndProject
Project("{9A19103F-16F7-4668-BE54-9A1E7A4F7556}") = "WPF.Stylus", "WPF.Stylus\WPF.Stylus.csproj", "{62683055-0C2B-4B69-8576-D5545A21E161}"
EndProject
Project("{9A19103F-16F7-4668-BE54-9A1E7A4F7556}") = "WPF.ToolBar", "WPF.ToolBar\WPF.ToolBar.csproj", "{2C3F12A0-1391-4F12-B06D-6C3BCFFEE72A}"
EndProject
Project("{FAE04EC0-301F-11D3-BF4B-00C04F79EFBC}") = "WPF.TreeView", "WPF.TreeView\WPF.TreeView.csproj", "{D9786F5C-0F4B-4F2B-B202-B54A2A31E799}"
EndProject
Global
	GlobalSection(SolutionConfigurationPlatforms) = preSolution
		Debug|Any CPU = Debug|Any CPU
		Debug|x86 = Debug|x86
		Release|Any CPU = Release|Any CPU
		Release|x86 = Release|x86
	EndGlobalSection
	GlobalSection(ProjectConfigurationPlatforms) = postSolution
		{BCB1A6A7-48E3-47C0-9110-DF183D21A09E}.Debug|Any CPU.ActiveCfg = Debug|Any CPU
		{BCB1A6A7-48E3-47C0-9110-DF183D21A09E}.Debug|Any CPU.Build.0 = Debug|Any CPU
		{BCB1A6A7-48E3-47C0-9110-DF183D21A09E}.Debug|x86.ActiveCfg = Debug|Any CPU
		{BCB1A6A7-48E3-47C0-9110-DF183D21A09E}.Debug|x86.Build.0 = Debug|Any CPU
		{BCB1A6A7-48E3-47C0-9110-DF183D21A09E}.Release|Any CPU.ActiveCfg = Release|Any CPU
		{BCB1A6A7-48E3-47C0-9110-DF183D21A09E}.Release|Any CPU.Build.0 = Release|Any CPU
		{BCB1A6A7-48E3-47C0-9110-DF183D21A09E}.Release|x86.ActiveCfg = Release|Any CPU
		{BCB1A6A7-48E3-47C0-9110-DF183D21A09E}.Release|x86.Build.0 = Release|Any CPU
		{28CC2667-54EE-46C7-8FC2-F904BDF90096}.Debug|Any CPU.ActiveCfg = Debug|Any CPU
		{28CC2667-54EE-46C7-8FC2-F904BDF90096}.Debug|Any CPU.Build.0 = Debug|Any CPU
		{28CC2667-54EE-46C7-8FC2-F904BDF90096}.Debug|x86.ActiveCfg = Debug|Any CPU
		{28CC2667-54EE-46C7-8FC2-F904BDF90096}.Debug|x86.Build.0 = Debug|Any CPU
		{28CC2667-54EE-46C7-8FC2-F904BDF90096}.Release|Any CPU.ActiveCfg = Release|Any CPU
		{28CC2667-54EE-46C7-8FC2-F904BDF90096}.Release|Any CPU.Build.0 = Release|Any CPU
		{28CC2667-54EE-46C7-8FC2-F904BDF90096}.Release|x86.ActiveCfg = Release|Any CPU
		{28CC2667-54EE-46C7-8FC2-F904BDF90096}.Release|x86.Build.0 = Release|Any CPU
		{D9BC6D7F-6118-4ECC-812A-6D9C0BC4C0C8}.Debug|Any CPU.ActiveCfg = Debug|Any CPU
		{D9BC6D7F-6118-4ECC-812A-6D9C0BC4C0C8}.Debug|Any CPU.Build.0 = Debug|Any CPU
		{D9BC6D7F-6118-4ECC-812A-6D9C0BC4C0C8}.Debug|x86.ActiveCfg = Debug|Any CPU
		{D9BC6D7F-6118-4ECC-812A-6D9C0BC4C0C8}.Debug|x86.Build.0 = Debug|Any CPU
		{D9BC6D7F-6118-4ECC-812A-6D9C0BC4C0C8}.Release|Any CPU.ActiveCfg = Release|Any CPU
		{D9BC6D7F-6118-4ECC-812A-6D9C0BC4C0C8}.Release|Any CPU.Build.0 = Release|Any CPU
		{D9BC6D7F-6118-4ECC-812A-6D9C0BC4C0C8}.Release|x86.ActiveCfg = Release|Any CPU
		{D9BC6D7F-6118-4ECC-812A-6D9C0BC4C0C8}.Release|x86.Build.0 = Release|Any CPU
		{B892876D-8D83-4BBE-B7B2-D9AA6FFFC680}.Debug|Any CPU.ActiveCfg = Debug|Any CPU
		{B892876D-8D83-4BBE-B7B2-D9AA6FFFC680}.Debug|Any CPU.Build.0 = Debug|Any CPU
		{B892876D-8D83-4BBE-B7B2-D9AA6FFFC680}.Debug|x86.ActiveCfg = Debug|Any CPU
		{B892876D-8D83-4BBE-B7B2-D9AA6FFFC680}.Debug|x86.Build.0 = Debug|Any CPU
		{B892876D-8D83-4BBE-B7B2-D9AA6FFFC680}.Release|Any CPU.ActiveCfg = Release|Any CPU
		{B892876D-8D83-4BBE-B7B2-D9AA6FFFC680}.Release|Any CPU.Build.0 = Release|Any CPU
		{B892876D-8D83-4BBE-B7B2-D9AA6FFFC680}.Release|x86.ActiveCfg = Release|Any CPU
		{B892876D-8D83-4BBE-B7B2-D9AA6FFFC680}.Release|x86.Build.0 = Release|Any CPU
		{5FE8F81F-FDE9-478D-8BD2-A74C474B3AFB}.Debug|Any CPU.ActiveCfg = Debug|Any CPU
		{5FE8F81F-FDE9-478D-8BD2-A74C474B3AFB}.Debug|Any CPU.Build.0 = Debug|Any CPU
		{5FE8F81F-FDE9-478D-8BD2-A74C474B3AFB}.Debug|x86.ActiveCfg = Debug|Any CPU
		{5FE8F81F-FDE9-478D-8BD2-A74C474B3AFB}.Debug|x86.Build.0 = Debug|Any CPU
		{5FE8F81F-FDE9-478D-8BD2-A74C474B3AFB}.Release|Any CPU.ActiveCfg = Release|Any CPU
		{5FE8F81F-FDE9-478D-8BD2-A74C474B3AFB}.Release|Any CPU.Build.0 = Release|Any CPU
		{5FE8F81F-FDE9-478D-8BD2-A74C474B3AFB}.Release|x86.ActiveCfg = Release|Any CPU
		{5FE8F81F-FDE9-478D-8BD2-A74C474B3AFB}.Release|x86.Build.0 = Release|Any CPU
		{4866E61C-11F0-464A-BE24-2B867D23459D}.Debug|Any CPU.ActiveCfg = Debug|Any CPU
		{4866E61C-11F0-464A-BE24-2B867D23459D}.Debug|Any CPU.Build.0 = Debug|Any CPU
		{4866E61C-11F0-464A-BE24-2B867D23459D}.Debug|x86.ActiveCfg = Debug|Any CPU
		{4866E61C-11F0-464A-BE24-2B867D23459D}.Debug|x86.Build.0 = Debug|Any CPU
		{4866E61C-11F0-464A-BE24-2B867D23459D}.Release|Any CPU.ActiveCfg = Release|Any CPU
		{4866E61C-11F0-464A-BE24-2B867D23459D}.Release|Any CPU.Build.0 = Release|Any CPU
		{4866E61C-11F0-464A-BE24-2B867D23459D}.Release|x86.ActiveCfg = Release|Any CPU
		{4866E61C-11F0-464A-BE24-2B867D23459D}.Release|x86.Build.0 = Release|Any CPU
		{F5EC7A49-2BB0-4B68-A21D-AC76EA31A317}.Debug|Any CPU.ActiveCfg = Debug|Any CPU
		{F5EC7A49-2BB0-4B68-A21D-AC76EA31A317}.Debug|Any CPU.Build.0 = Debug|Any CPU
		{F5EC7A49-2BB0-4B68-A21D-AC76EA31A317}.Debug|x86.ActiveCfg = Debug|Any CPU
		{F5EC7A49-2BB0-4B68-A21D-AC76EA31A317}.Debug|x86.Build.0 = Debug|Any CPU
		{F5EC7A49-2BB0-4B68-A21D-AC76EA31A317}.Release|Any CPU.ActiveCfg = Release|Any CPU
		{F5EC7A49-2BB0-4B68-A21D-AC76EA31A317}.Release|Any CPU.Build.0 = Release|Any CPU
		{F5EC7A49-2BB0-4B68-A21D-AC76EA31A317}.Release|x86.ActiveCfg = Release|Any CPU
		{F5EC7A49-2BB0-4B68-A21D-AC76EA31A317}.Release|x86.Build.0 = Release|Any CPU
		{E946BA0E-50C4-4084-A246-786F9787D668}.Debug|Any CPU.ActiveCfg = Debug|Any CPU
		{E946BA0E-50C4-4084-A246-786F9787D668}.Debug|Any CPU.Build.0 = Debug|Any CPU
		{E946BA0E-50C4-4084-A246-786F9787D668}.Debug|x86.ActiveCfg = Debug|Any CPU
		{E946BA0E-50C4-4084-A246-786F9787D668}.Debug|x86.Build.0 = Debug|Any CPU
		{E946BA0E-50C4-4084-A246-786F9787D668}.Release|Any CPU.ActiveCfg = Release|Any CPU
		{E946BA0E-50C4-4084-A246-786F9787D668}.Release|Any CPU.Build.0 = Release|Any CPU
		{E946BA0E-50C4-4084-A246-786F9787D668}.Release|x86.ActiveCfg = Release|Any CPU
		{E946BA0E-50C4-4084-A246-786F9787D668}.Release|x86.Build.0 = Release|Any CPU
		{9725B827-C994-4D7B-BD21-C1EE71142714}.Debug|Any CPU.ActiveCfg = Debug|Any CPU
		{9725B827-C994-4D7B-BD21-C1EE71142714}.Debug|Any CPU.Build.0 = Debug|Any CPU
		{9725B827-C994-4D7B-BD21-C1EE71142714}.Debug|x86.ActiveCfg = Debug|Any CPU
		{9725B827-C994-4D7B-BD21-C1EE71142714}.Debug|x86.Build.0 = Debug|Any CPU
		{9725B827-C994-4D7B-BD21-C1EE71142714}.Release|Any CPU.ActiveCfg = Release|Any CPU
		{9725B827-C994-4D7B-BD21-C1EE71142714}.Release|Any CPU.Build.0 = Release|Any CPU
		{9725B827-C994-4D7B-BD21-C1EE71142714}.Release|x86.ActiveCfg = Release|Any CPU
		{9725B827-C994-4D7B-BD21-C1EE71142714}.Release|x86.Build.0 = Release|Any CPU
		{4A89B3DF-7B74-46B6-B131-3077224994A5}.Debug|Any CPU.ActiveCfg = Debug|Any CPU
		{4A89B3DF-7B74-46B6-B131-3077224994A5}.Debug|Any CPU.Build.0 = Debug|Any CPU
		{4A89B3DF-7B74-46B6-B131-3077224994A5}.Debug|x86.ActiveCfg = Debug|Any CPU
		{4A89B3DF-7B74-46B6-B131-3077224994A5}.Debug|x86.Build.0 = Debug|Any CPU
		{4A89B3DF-7B74-46B6-B131-3077224994A5}.Release|Any CPU.ActiveCfg = Release|Any CPU
		{4A89B3DF-7B74-46B6-B131-3077224994A5}.Release|Any CPU.Build.0 = Release|Any CPU
		{4A89B3DF-7B74-46B6-B131-3077224994A5}.Release|x86.ActiveCfg = Release|Any CPU
		{4A89B3DF-7B74-46B6-B131-3077224994A5}.Release|x86.Build.0 = Release|Any CPU
		{24F56F2A-1C5E-4D67-BC6A-5CC0BE3375DA}.Debug|Any CPU.ActiveCfg = Debug|Any CPU
		{24F56F2A-1C5E-4D67-BC6A-5CC0BE3375DA}.Debug|Any CPU.Build.0 = Debug|Any CPU
		{24F56F2A-1C5E-4D67-BC6A-5CC0BE3375DA}.Debug|x86.ActiveCfg = Debug|Any CPU
		{24F56F2A-1C5E-4D67-BC6A-5CC0BE3375DA}.Debug|x86.Build.0 = Debug|Any CPU
		{24F56F2A-1C5E-4D67-BC6A-5CC0BE3375DA}.Release|Any CPU.ActiveCfg = Release|Any CPU
		{24F56F2A-1C5E-4D67-BC6A-5CC0BE3375DA}.Release|Any CPU.Build.0 = Release|Any CPU
		{24F56F2A-1C5E-4D67-BC6A-5CC0BE3375DA}.Release|x86.ActiveCfg = Release|Any CPU
		{24F56F2A-1C5E-4D67-BC6A-5CC0BE3375DA}.Release|x86.Build.0 = Release|Any CPU
		{C4764891-4F45-43F4-A1CA-DA66937F9624}.Debug|Any CPU.ActiveCfg = Debug|Any CPU
		{C4764891-4F45-43F4-A1CA-DA66937F9624}.Debug|Any CPU.Build.0 = Debug|Any CPU
		{C4764891-4F45-43F4-A1CA-DA66937F9624}.Debug|x86.ActiveCfg = Debug|Any CPU
		{C4764891-4F45-43F4-A1CA-DA66937F9624}.Debug|x86.Build.0 = Debug|Any CPU
		{C4764891-4F45-43F4-A1CA-DA66937F9624}.Release|Any CPU.ActiveCfg = Release|Any CPU
		{C4764891-4F45-43F4-A1CA-DA66937F9624}.Release|Any CPU.Build.0 = Release|Any CPU
		{C4764891-4F45-43F4-A1CA-DA66937F9624}.Release|x86.ActiveCfg = Release|Any CPU
		{C4764891-4F45-43F4-A1CA-DA66937F9624}.Release|x86.Build.0 = Release|Any CPU
		{B2653C06-BBB7-44A9-9452-446FF0675BB4}.Debug|Any CPU.ActiveCfg = Debug|Any CPU
		{B2653C06-BBB7-44A9-9452-446FF0675BB4}.Debug|Any CPU.Build.0 = Debug|Any CPU
		{B2653C06-BBB7-44A9-9452-446FF0675BB4}.Debug|x86.ActiveCfg = Debug|Any CPU
		{B2653C06-BBB7-44A9-9452-446FF0675BB4}.Debug|x86.Build.0 = Debug|Any CPU
		{B2653C06-BBB7-44A9-9452-446FF0675BB4}.Release|Any CPU.ActiveCfg = Release|Any CPU
		{B2653C06-BBB7-44A9-9452-446FF0675BB4}.Release|Any CPU.Build.0 = Release|Any CPU
		{B2653C06-BBB7-44A9-9452-446FF0675BB4}.Release|x86.ActiveCfg = Release|Any CPU
		{B2653C06-BBB7-44A9-9452-446FF0675BB4}.Release|x86.Build.0 = Release|Any CPU
		{3A38B853-3F99-4EF8-B8D1-F8FA8F06C5C4}.Debug|Any CPU.ActiveCfg = Debug|Any CPU
		{3A38B853-3F99-4EF8-B8D1-F8FA8F06C5C4}.Debug|Any CPU.Build.0 = Debug|Any CPU
		{3A38B853-3F99-4EF8-B8D1-F8FA8F06C5C4}.Debug|x86.ActiveCfg = Debug|Any CPU
		{3A38B853-3F99-4EF8-B8D1-F8FA8F06C5C4}.Debug|x86.Build.0 = Debug|Any CPU
		{3A38B853-3F99-4EF8-B8D1-F8FA8F06C5C4}.Release|Any CPU.ActiveCfg = Release|Any CPU
		{3A38B853-3F99-4EF8-B8D1-F8FA8F06C5C4}.Release|Any CPU.Build.0 = Release|Any CPU
		{3A38B853-3F99-4EF8-B8D1-F8FA8F06C5C4}.Release|x86.ActiveCfg = Release|Any CPU
		{3A38B853-3F99-4EF8-B8D1-F8FA8F06C5C4}.Release|x86.Build.0 = Release|Any CPU
		{E8C0EDA3-4B34-4E04-B3D0-A713A50AC144}.Debug|Any CPU.ActiveCfg = Debug|Any CPU
		{E8C0EDA3-4B34-4E04-B3D0-A713A50AC144}.Debug|Any CPU.Build.0 = Debug|Any CPU
		{E8C0EDA3-4B34-4E04-B3D0-A713A50AC144}.Debug|x86.ActiveCfg = Debug|Any CPU
		{E8C0EDA3-4B34-4E04-B3D0-A713A50AC144}.Debug|x86.Build.0 = Debug|Any CPU
		{E8C0EDA3-4B34-4E04-B3D0-A713A50AC144}.Release|Any CPU.ActiveCfg = Release|Any CPU
		{E8C0EDA3-4B34-4E04-B3D0-A713A50AC144}.Release|Any CPU.Build.0 = Release|Any CPU
		{E8C0EDA3-4B34-4E04-B3D0-A713A50AC144}.Release|x86.ActiveCfg = Release|Any CPU
		{E8C0EDA3-4B34-4E04-B3D0-A713A50AC144}.Release|x86.Build.0 = Release|Any CPU
		{A0F9C22B-B526-44DD-B58A-A837E3A833EC}.Debug|Any CPU.ActiveCfg = Debug|Any CPU
		{A0F9C22B-B526-44DD-B58A-A837E3A833EC}.Debug|Any CPU.Build.0 = Debug|Any CPU
		{A0F9C22B-B526-44DD-B58A-A837E3A833EC}.Debug|x86.ActiveCfg = Debug|Any CPU
		{A0F9C22B-B526-44DD-B58A-A837E3A833EC}.Debug|x86.Build.0 = Debug|Any CPU
		{A0F9C22B-B526-44DD-B58A-A837E3A833EC}.Release|Any CPU.ActiveCfg = Release|Any CPU
		{A0F9C22B-B526-44DD-B58A-A837E3A833EC}.Release|Any CPU.Build.0 = Release|Any CPU
		{A0F9C22B-B526-44DD-B58A-A837E3A833EC}.Release|x86.ActiveCfg = Release|Any CPU
		{A0F9C22B-B526-44DD-B58A-A837E3A833EC}.Release|x86.Build.0 = Release|Any CPU
		{49748DC9-DDDC-451D-9C8C-9A1604927A6B}.Debug|Any CPU.ActiveCfg = Debug|Any CPU
		{49748DC9-DDDC-451D-9C8C-9A1604927A6B}.Debug|Any CPU.Build.0 = Debug|Any CPU
		{49748DC9-DDDC-451D-9C8C-9A1604927A6B}.Debug|x86.ActiveCfg = Debug|Any CPU
		{49748DC9-DDDC-451D-9C8C-9A1604927A6B}.Debug|x86.Build.0 = Debug|Any CPU
		{49748DC9-DDDC-451D-9C8C-9A1604927A6B}.Release|Any CPU.ActiveCfg = Release|Any CPU
		{49748DC9-DDDC-451D-9C8C-9A1604927A6B}.Release|Any CPU.Build.0 = Release|Any CPU
		{49748DC9-DDDC-451D-9C8C-9A1604927A6B}.Release|x86.ActiveCfg = Release|Any CPU
		{49748DC9-DDDC-451D-9C8C-9A1604927A6B}.Release|x86.Build.0 = Release|Any CPU
		{55277E95-2CAF-441F-8EA3-513311C274CB}.Debug|Any CPU.ActiveCfg = Debug|Any CPU
		{55277E95-2CAF-441F-8EA3-513311C274CB}.Debug|Any CPU.Build.0 = Debug|Any CPU
		{55277E95-2CAF-441F-8EA3-513311C274CB}.Debug|x86.ActiveCfg = Debug|Any CPU
		{55277E95-2CAF-441F-8EA3-513311C274CB}.Debug|x86.Build.0 = Debug|Any CPU
		{55277E95-2CAF-441F-8EA3-513311C274CB}.Release|Any CPU.ActiveCfg = Release|Any CPU
		{55277E95-2CAF-441F-8EA3-513311C274CB}.Release|Any CPU.Build.0 = Release|Any CPU
		{55277E95-2CAF-441F-8EA3-513311C274CB}.Release|x86.ActiveCfg = Release|Any CPU
		{55277E95-2CAF-441F-8EA3-513311C274CB}.Release|x86.Build.0 = Release|Any CPU
		{CEF4C985-0764-4471-96C2-CE562A521B98}.Debug|Any CPU.ActiveCfg = Debug|Any CPU
		{CEF4C985-0764-4471-96C2-CE562A521B98}.Debug|Any CPU.Build.0 = Debug|Any CPU
		{CEF4C985-0764-4471-96C2-CE562A521B98}.Debug|x86.ActiveCfg = Debug|Any CPU
		{CEF4C985-0764-4471-96C2-CE562A521B98}.Debug|x86.Build.0 = Debug|Any CPU
		{CEF4C985-0764-4471-96C2-CE562A521B98}.Release|Any CPU.ActiveCfg = Release|Any CPU
		{CEF4C985-0764-4471-96C2-CE562A521B98}.Release|Any CPU.Build.0 = Release|Any CPU
		{CEF4C985-0764-4471-96C2-CE562A521B98}.Release|x86.ActiveCfg = Release|Any CPU
		{CEF4C985-0764-4471-96C2-CE562A521B98}.Release|x86.Build.0 = Release|Any CPU
		{5192C92A-A861-4EA7-8713-0C0623EE938D}.Debug|Any CPU.ActiveCfg = Debug|Any CPU
		{5192C92A-A861-4EA7-8713-0C0623EE938D}.Debug|Any CPU.Build.0 = Debug|Any CPU
		{5192C92A-A861-4EA7-8713-0C0623EE938D}.Debug|x86.ActiveCfg = Debug|Any CPU
		{5192C92A-A861-4EA7-8713-0C0623EE938D}.Debug|x86.Build.0 = Debug|Any CPU
		{5192C92A-A861-4EA7-8713-0C0623EE938D}.Release|Any CPU.ActiveCfg = Release|Any CPU
		{5192C92A-A861-4EA7-8713-0C0623EE938D}.Release|Any CPU.Build.0 = Release|Any CPU
		{5192C92A-A861-4EA7-8713-0C0623EE938D}.Release|x86.ActiveCfg = Release|Any CPU
		{5192C92A-A861-4EA7-8713-0C0623EE938D}.Release|x86.Build.0 = Release|Any CPU
		{917FD9CA-E0F0-45F8-B5CA-4CF9A2136464}.Debug|Any CPU.ActiveCfg = Debug|Any CPU
		{917FD9CA-E0F0-45F8-B5CA-4CF9A2136464}.Debug|Any CPU.Build.0 = Debug|Any CPU
		{917FD9CA-E0F0-45F8-B5CA-4CF9A2136464}.Debug|x86.ActiveCfg = Debug|Any CPU
		{917FD9CA-E0F0-45F8-B5CA-4CF9A2136464}.Debug|x86.Build.0 = Debug|Any CPU
		{917FD9CA-E0F0-45F8-B5CA-4CF9A2136464}.Release|Any CPU.ActiveCfg = Release|Any CPU
		{917FD9CA-E0F0-45F8-B5CA-4CF9A2136464}.Release|Any CPU.Build.0 = Release|Any CPU
		{917FD9CA-E0F0-45F8-B5CA-4CF9A2136464}.Release|x86.ActiveCfg = Release|Any CPU
		{917FD9CA-E0F0-45F8-B5CA-4CF9A2136464}.Release|x86.Build.0 = Release|Any CPU
		{647E4248-D742-4E76-AADE-5084437971A7}.Debug|Any CPU.ActiveCfg = Debug|Any CPU
		{647E4248-D742-4E76-AADE-5084437971A7}.Debug|Any CPU.Build.0 = Debug|Any CPU
		{647E4248-D742-4E76-AADE-5084437971A7}.Debug|x86.ActiveCfg = Debug|Any CPU
		{647E4248-D742-4E76-AADE-5084437971A7}.Debug|x86.Build.0 = Debug|Any CPU
		{647E4248-D742-4E76-AADE-5084437971A7}.Release|Any CPU.ActiveCfg = Release|Any CPU
		{647E4248-D742-4E76-AADE-5084437971A7}.Release|Any CPU.Build.0 = Release|Any CPU
		{647E4248-D742-4E76-AADE-5084437971A7}.Release|x86.ActiveCfg = Release|Any CPU
		{647E4248-D742-4E76-AADE-5084437971A7}.Release|x86.Build.0 = Release|Any CPU
		{C266BFD5-2850-4657-9D33-0262E424E546}.Debug|Any CPU.ActiveCfg = Debug|Any CPU
		{C266BFD5-2850-4657-9D33-0262E424E546}.Debug|Any CPU.Build.0 = Debug|Any CPU
		{C266BFD5-2850-4657-9D33-0262E424E546}.Debug|x86.ActiveCfg = Debug|Any CPU
		{C266BFD5-2850-4657-9D33-0262E424E546}.Debug|x86.Build.0 = Debug|Any CPU
		{C266BFD5-2850-4657-9D33-0262E424E546}.Release|Any CPU.ActiveCfg = Release|Any CPU
		{C266BFD5-2850-4657-9D33-0262E424E546}.Release|Any CPU.Build.0 = Release|Any CPU
		{C266BFD5-2850-4657-9D33-0262E424E546}.Release|x86.ActiveCfg = Release|Any CPU
		{C266BFD5-2850-4657-9D33-0262E424E546}.Release|x86.Build.0 = Release|Any CPU
		{12967860-BEEB-46D5-BB39-6311614DD9D1}.Debug|Any CPU.ActiveCfg = Debug|Any CPU
		{12967860-BEEB-46D5-BB39-6311614DD9D1}.Debug|Any CPU.Build.0 = Debug|Any CPU
		{12967860-BEEB-46D5-BB39-6311614DD9D1}.Debug|x86.ActiveCfg = Debug|Any CPU
		{12967860-BEEB-46D5-BB39-6311614DD9D1}.Debug|x86.Build.0 = Debug|Any CPU
		{12967860-BEEB-46D5-BB39-6311614DD9D1}.Release|Any CPU.ActiveCfg = Release|Any CPU
		{12967860-BEEB-46D5-BB39-6311614DD9D1}.Release|Any CPU.Build.0 = Release|Any CPU
		{12967860-BEEB-46D5-BB39-6311614DD9D1}.Release|x86.ActiveCfg = Release|Any CPU
		{12967860-BEEB-46D5-BB39-6311614DD9D1}.Release|x86.Build.0 = Release|Any CPU
		{ED03E06E-9F3F-4164-9583-880C59E0C7B4}.Debug|Any CPU.ActiveCfg = Debug|Any CPU
		{ED03E06E-9F3F-4164-9583-880C59E0C7B4}.Debug|Any CPU.Build.0 = Debug|Any CPU
		{ED03E06E-9F3F-4164-9583-880C59E0C7B4}.Debug|x86.ActiveCfg = Debug|Any CPU
		{ED03E06E-9F3F-4164-9583-880C59E0C7B4}.Debug|x86.Build.0 = Debug|Any CPU
		{ED03E06E-9F3F-4164-9583-880C59E0C7B4}.Release|Any CPU.ActiveCfg = Release|Any CPU
		{ED03E06E-9F3F-4164-9583-880C59E0C7B4}.Release|Any CPU.Build.0 = Release|Any CPU
		{ED03E06E-9F3F-4164-9583-880C59E0C7B4}.Release|x86.ActiveCfg = Release|Any CPU
		{ED03E06E-9F3F-4164-9583-880C59E0C7B4}.Release|x86.Build.0 = Release|Any CPU
		{0726B850-2C83-43B7-91AB-F89D59E757FA}.Debug|Any CPU.ActiveCfg = Debug|Any CPU
		{0726B850-2C83-43B7-91AB-F89D59E757FA}.Debug|Any CPU.Build.0 = Debug|Any CPU
		{0726B850-2C83-43B7-91AB-F89D59E757FA}.Debug|x86.ActiveCfg = Debug|Any CPU
		{0726B850-2C83-43B7-91AB-F89D59E757FA}.Debug|x86.Build.0 = Debug|Any CPU
		{0726B850-2C83-43B7-91AB-F89D59E757FA}.Release|Any CPU.ActiveCfg = Release|Any CPU
		{0726B850-2C83-43B7-91AB-F89D59E757FA}.Release|Any CPU.Build.0 = Release|Any CPU
		{0726B850-2C83-43B7-91AB-F89D59E757FA}.Release|x86.ActiveCfg = Release|Any CPU
		{0726B850-2C83-43B7-91AB-F89D59E757FA}.Release|x86.Build.0 = Release|Any CPU
		{105AB1ED-5004-4B7D-9041-B745CEBF015C}.Debug|Any CPU.ActiveCfg = Debug|Any CPU
		{105AB1ED-5004-4B7D-9041-B745CEBF015C}.Debug|Any CPU.Build.0 = Debug|Any CPU
		{105AB1ED-5004-4B7D-9041-B745CEBF015C}.Debug|x86.ActiveCfg = Debug|Any CPU
		{105AB1ED-5004-4B7D-9041-B745CEBF015C}.Debug|x86.Build.0 = Debug|Any CPU
		{105AB1ED-5004-4B7D-9041-B745CEBF015C}.Release|Any CPU.ActiveCfg = Release|Any CPU
		{105AB1ED-5004-4B7D-9041-B745CEBF015C}.Release|Any CPU.Build.0 = Release|Any CPU
		{105AB1ED-5004-4B7D-9041-B745CEBF015C}.Release|x86.ActiveCfg = Release|Any CPU
		{105AB1ED-5004-4B7D-9041-B745CEBF015C}.Release|x86.Build.0 = Release|Any CPU
		{E3F3FEF3-8F7C-47D2-A814-7122CB17799B}.Debug|Any CPU.ActiveCfg = Debug|Any CPU
		{E3F3FEF3-8F7C-47D2-A814-7122CB17799B}.Debug|Any CPU.Build.0 = Debug|Any CPU
		{E3F3FEF3-8F7C-47D2-A814-7122CB17799B}.Debug|x86.ActiveCfg = Debug|Any CPU
		{E3F3FEF3-8F7C-47D2-A814-7122CB17799B}.Debug|x86.Build.0 = Debug|Any CPU
		{E3F3FEF3-8F7C-47D2-A814-7122CB17799B}.Release|Any CPU.ActiveCfg = Release|Any CPU
		{E3F3FEF3-8F7C-47D2-A814-7122CB17799B}.Release|Any CPU.Build.0 = Release|Any CPU
		{E3F3FEF3-8F7C-47D2-A814-7122CB17799B}.Release|x86.ActiveCfg = Release|Any CPU
		{E3F3FEF3-8F7C-47D2-A814-7122CB17799B}.Release|x86.Build.0 = Release|Any CPU
		{687AF48A-52C7-40EE-8A6C-7C7612CFD0E0}.Debug|Any CPU.ActiveCfg = Debug|Any CPU
		{687AF48A-52C7-40EE-8A6C-7C7612CFD0E0}.Debug|Any CPU.Build.0 = Debug|Any CPU
		{687AF48A-52C7-40EE-8A6C-7C7612CFD0E0}.Debug|x86.ActiveCfg = Debug|Any CPU
		{687AF48A-52C7-40EE-8A6C-7C7612CFD0E0}.Debug|x86.Build.0 = Debug|Any CPU
		{687AF48A-52C7-40EE-8A6C-7C7612CFD0E0}.Release|Any CPU.ActiveCfg = Release|Any CPU
		{687AF48A-52C7-40EE-8A6C-7C7612CFD0E0}.Release|Any CPU.Build.0 = Release|Any CPU
		{687AF48A-52C7-40EE-8A6C-7C7612CFD0E0}.Release|x86.ActiveCfg = Release|Any CPU
		{687AF48A-52C7-40EE-8A6C-7C7612CFD0E0}.Release|x86.Build.0 = Release|Any CPU
		{1C5F6F1A-D9E6-4BD2-AB70-CE79F49BB9C8}.Debug|Any CPU.ActiveCfg = Debug|Any CPU
		{1C5F6F1A-D9E6-4BD2-AB70-CE79F49BB9C8}.Debug|Any CPU.Build.0 = Debug|Any CPU
		{1C5F6F1A-D9E6-4BD2-AB70-CE79F49BB9C8}.Debug|x86.ActiveCfg = Debug|Any CPU
		{1C5F6F1A-D9E6-4BD2-AB70-CE79F49BB9C8}.Debug|x86.Build.0 = Debug|Any CPU
		{1C5F6F1A-D9E6-4BD2-AB70-CE79F49BB9C8}.Release|Any CPU.ActiveCfg = Release|Any CPU
		{1C5F6F1A-D9E6-4BD2-AB70-CE79F49BB9C8}.Release|Any CPU.Build.0 = Release|Any CPU
		{1C5F6F1A-D9E6-4BD2-AB70-CE79F49BB9C8}.Release|x86.ActiveCfg = Release|Any CPU
		{1C5F6F1A-D9E6-4BD2-AB70-CE79F49BB9C8}.Release|x86.Build.0 = Release|Any CPU
		{81828672-88B1-4651-9513-AEB3AF54E60C}.Debug|Any CPU.ActiveCfg = Debug|Any CPU
		{81828672-88B1-4651-9513-AEB3AF54E60C}.Debug|Any CPU.Build.0 = Debug|Any CPU
		{81828672-88B1-4651-9513-AEB3AF54E60C}.Debug|x86.ActiveCfg = Debug|Any CPU
		{81828672-88B1-4651-9513-AEB3AF54E60C}.Debug|x86.Build.0 = Debug|Any CPU
		{81828672-88B1-4651-9513-AEB3AF54E60C}.Release|Any CPU.ActiveCfg = Release|Any CPU
		{81828672-88B1-4651-9513-AEB3AF54E60C}.Release|Any CPU.Build.0 = Release|Any CPU
		{81828672-88B1-4651-9513-AEB3AF54E60C}.Release|x86.ActiveCfg = Release|Any CPU
		{81828672-88B1-4651-9513-AEB3AF54E60C}.Release|x86.Build.0 = Release|Any CPU
		{B2C0F2DD-9ED2-4C2C-B246-FAE55BF1F068}.Debug|Any CPU.ActiveCfg = Debug|Any CPU
		{B2C0F2DD-9ED2-4C2C-B246-FAE55BF1F068}.Debug|Any CPU.Build.0 = Debug|Any CPU
		{B2C0F2DD-9ED2-4C2C-B246-FAE55BF1F068}.Debug|x86.ActiveCfg = Debug|Any CPU
		{B2C0F2DD-9ED2-4C2C-B246-FAE55BF1F068}.Debug|x86.Build.0 = Debug|Any CPU
		{B2C0F2DD-9ED2-4C2C-B246-FAE55BF1F068}.Release|Any CPU.ActiveCfg = Release|Any CPU
		{B2C0F2DD-9ED2-4C2C-B246-FAE55BF1F068}.Release|Any CPU.Build.0 = Release|Any CPU
		{B2C0F2DD-9ED2-4C2C-B246-FAE55BF1F068}.Release|x86.ActiveCfg = Release|Any CPU
		{B2C0F2DD-9ED2-4C2C-B246-FAE55BF1F068}.Release|x86.Build.0 = Release|Any CPU
		{D30B498A-B3C0-422A-8A99-92148A9B0E9A}.Debug|Any CPU.ActiveCfg = Debug|Any CPU
		{D30B498A-B3C0-422A-8A99-92148A9B0E9A}.Debug|Any CPU.Build.0 = Debug|Any CPU
		{D30B498A-B3C0-422A-8A99-92148A9B0E9A}.Debug|x86.ActiveCfg = Debug|Any CPU
		{D30B498A-B3C0-422A-8A99-92148A9B0E9A}.Debug|x86.Build.0 = Debug|Any CPU
		{D30B498A-B3C0-422A-8A99-92148A9B0E9A}.Release|Any CPU.ActiveCfg = Release|Any CPU
		{D30B498A-B3C0-422A-8A99-92148A9B0E9A}.Release|Any CPU.Build.0 = Release|Any CPU
		{D30B498A-B3C0-422A-8A99-92148A9B0E9A}.Release|x86.ActiveCfg = Release|Any CPU
		{D30B498A-B3C0-422A-8A99-92148A9B0E9A}.Release|x86.Build.0 = Release|Any CPU
		{4BF2C2D9-DAFF-49F0-87C3-EAEDB6C66F7B}.Debug|Any CPU.ActiveCfg = Debug|Any CPU
		{4BF2C2D9-DAFF-49F0-87C3-EAEDB6C66F7B}.Debug|Any CPU.Build.0 = Debug|Any CPU
		{4BF2C2D9-DAFF-49F0-87C3-EAEDB6C66F7B}.Debug|x86.ActiveCfg = Debug|Any CPU
		{4BF2C2D9-DAFF-49F0-87C3-EAEDB6C66F7B}.Debug|x86.Build.0 = Debug|Any CPU
		{4BF2C2D9-DAFF-49F0-87C3-EAEDB6C66F7B}.Release|Any CPU.ActiveCfg = Release|Any CPU
		{4BF2C2D9-DAFF-49F0-87C3-EAEDB6C66F7B}.Release|Any CPU.Build.0 = Release|Any CPU
		{4BF2C2D9-DAFF-49F0-87C3-EAEDB6C66F7B}.Release|x86.ActiveCfg = Release|Any CPU
		{4BF2C2D9-DAFF-49F0-87C3-EAEDB6C66F7B}.Release|x86.Build.0 = Release|Any CPU
		{3777CE66-FD46-4188-94B2-697C6BB66086}.Debug|Any CPU.ActiveCfg = Debug|Any CPU
		{3777CE66-FD46-4188-94B2-697C6BB66086}.Debug|Any CPU.Build.0 = Debug|Any CPU
		{3777CE66-FD46-4188-94B2-697C6BB66086}.Debug|x86.ActiveCfg = Debug|Any CPU
		{3777CE66-FD46-4188-94B2-697C6BB66086}.Debug|x86.Build.0 = Debug|Any CPU
		{3777CE66-FD46-4188-94B2-697C6BB66086}.Release|Any CPU.ActiveCfg = Release|Any CPU
		{3777CE66-FD46-4188-94B2-697C6BB66086}.Release|Any CPU.Build.0 = Release|Any CPU
		{3777CE66-FD46-4188-94B2-697C6BB66086}.Release|x86.ActiveCfg = Release|Any CPU
		{3777CE66-FD46-4188-94B2-697C6BB66086}.Release|x86.Build.0 = Release|Any CPU
		{71310526-7977-4616-92BD-370277617B7F}.Debug|Any CPU.ActiveCfg = Debug|Any CPU
		{71310526-7977-4616-92BD-370277617B7F}.Debug|Any CPU.Build.0 = Debug|Any CPU
		{71310526-7977-4616-92BD-370277617B7F}.Debug|x86.ActiveCfg = Debug|Any CPU
		{71310526-7977-4616-92BD-370277617B7F}.Debug|x86.Build.0 = Debug|Any CPU
		{71310526-7977-4616-92BD-370277617B7F}.Release|Any CPU.ActiveCfg = Release|Any CPU
		{71310526-7977-4616-92BD-370277617B7F}.Release|Any CPU.Build.0 = Release|Any CPU
		{71310526-7977-4616-92BD-370277617B7F}.Release|x86.ActiveCfg = Release|Any CPU
		{71310526-7977-4616-92BD-370277617B7F}.Release|x86.Build.0 = Release|Any CPU
		{F53F067F-006A-4774-83FA-A4C063AE9776}.Debug|Any CPU.ActiveCfg = Debug|Any CPU
		{F53F067F-006A-4774-83FA-A4C063AE9776}.Debug|Any CPU.Build.0 = Debug|Any CPU
		{F53F067F-006A-4774-83FA-A4C063AE9776}.Debug|x86.ActiveCfg = Debug|Any CPU
		{F53F067F-006A-4774-83FA-A4C063AE9776}.Debug|x86.Build.0 = Debug|Any CPU
		{F53F067F-006A-4774-83FA-A4C063AE9776}.Release|Any CPU.ActiveCfg = Release|Any CPU
		{F53F067F-006A-4774-83FA-A4C063AE9776}.Release|Any CPU.Build.0 = Release|Any CPU
		{F53F067F-006A-4774-83FA-A4C063AE9776}.Release|x86.ActiveCfg = Release|Any CPU
		{F53F067F-006A-4774-83FA-A4C063AE9776}.Release|x86.Build.0 = Release|Any CPU
		{09184502-0310-49B6-9B46-2A6F131D3A63}.Debug|Any CPU.ActiveCfg = Debug|Any CPU
		{09184502-0310-49B6-9B46-2A6F131D3A63}.Debug|Any CPU.Build.0 = Debug|Any CPU
		{09184502-0310-49B6-9B46-2A6F131D3A63}.Debug|x86.ActiveCfg = Debug|Any CPU
		{09184502-0310-49B6-9B46-2A6F131D3A63}.Debug|x86.Build.0 = Debug|Any CPU
		{09184502-0310-49B6-9B46-2A6F131D3A63}.Release|Any CPU.ActiveCfg = Release|Any CPU
		{09184502-0310-49B6-9B46-2A6F131D3A63}.Release|Any CPU.Build.0 = Release|Any CPU
		{09184502-0310-49B6-9B46-2A6F131D3A63}.Release|x86.ActiveCfg = Release|Any CPU
		{09184502-0310-49B6-9B46-2A6F131D3A63}.Release|x86.Build.0 = Release|Any CPU
		{FF3009FB-9EA5-4D1B-8E22-C1AABBD4E9A1}.Debug|Any CPU.ActiveCfg = Debug|Any CPU
		{FF3009FB-9EA5-4D1B-8E22-C1AABBD4E9A1}.Debug|Any CPU.Build.0 = Debug|Any CPU
		{FF3009FB-9EA5-4D1B-8E22-C1AABBD4E9A1}.Debug|x86.ActiveCfg = Debug|Any CPU
		{FF3009FB-9EA5-4D1B-8E22-C1AABBD4E9A1}.Debug|x86.Build.0 = Debug|Any CPU
		{FF3009FB-9EA5-4D1B-8E22-C1AABBD4E9A1}.Release|Any CPU.ActiveCfg = Release|Any CPU
		{FF3009FB-9EA5-4D1B-8E22-C1AABBD4E9A1}.Release|Any CPU.Build.0 = Release|Any CPU
		{FF3009FB-9EA5-4D1B-8E22-C1AABBD4E9A1}.Release|x86.ActiveCfg = Release|Any CPU
		{FF3009FB-9EA5-4D1B-8E22-C1AABBD4E9A1}.Release|x86.Build.0 = Release|Any CPU
		{DA9D66FD-F365-4D7B-BE5C-31A8751385FD}.Debug|Any CPU.ActiveCfg = Debug|Any CPU
		{DA9D66FD-F365-4D7B-BE5C-31A8751385FD}.Debug|Any CPU.Build.0 = Debug|Any CPU
		{DA9D66FD-F365-4D7B-BE5C-31A8751385FD}.Debug|x86.ActiveCfg = Debug|Any CPU
		{DA9D66FD-F365-4D7B-BE5C-31A8751385FD}.Debug|x86.Build.0 = Debug|Any CPU
		{DA9D66FD-F365-4D7B-BE5C-31A8751385FD}.Release|Any CPU.ActiveCfg = Release|Any CPU
		{DA9D66FD-F365-4D7B-BE5C-31A8751385FD}.Release|Any CPU.Build.0 = Release|Any CPU
		{DA9D66FD-F365-4D7B-BE5C-31A8751385FD}.Release|x86.ActiveCfg = Release|Any CPU
		{DA9D66FD-F365-4D7B-BE5C-31A8751385FD}.Release|x86.Build.0 = Release|Any CPU
		{09D017C2-3215-42AF-8489-D3BCE185B7E5}.Debug|Any CPU.ActiveCfg = Debug|Any CPU
		{09D017C2-3215-42AF-8489-D3BCE185B7E5}.Debug|Any CPU.Build.0 = Debug|Any CPU
		{09D017C2-3215-42AF-8489-D3BCE185B7E5}.Debug|x86.ActiveCfg = Debug|Any CPU
		{09D017C2-3215-42AF-8489-D3BCE185B7E5}.Debug|x86.Build.0 = Debug|Any CPU
		{09D017C2-3215-42AF-8489-D3BCE185B7E5}.Release|Any CPU.ActiveCfg = Release|Any CPU
		{09D017C2-3215-42AF-8489-D3BCE185B7E5}.Release|Any CPU.Build.0 = Release|Any CPU
		{09D017C2-3215-42AF-8489-D3BCE185B7E5}.Release|x86.ActiveCfg = Release|Any CPU
		{09D017C2-3215-42AF-8489-D3BCE185B7E5}.Release|x86.Build.0 = Release|Any CPU
		{98ECE212-C3F8-4FEC-9B98-32A5D0425F67}.Debug|Any CPU.ActiveCfg = Debug|Any CPU
		{98ECE212-C3F8-4FEC-9B98-32A5D0425F67}.Debug|Any CPU.Build.0 = Debug|Any CPU
		{98ECE212-C3F8-4FEC-9B98-32A5D0425F67}.Debug|x86.ActiveCfg = Debug|Any CPU
		{98ECE212-C3F8-4FEC-9B98-32A5D0425F67}.Debug|x86.Build.0 = Debug|Any CPU
		{98ECE212-C3F8-4FEC-9B98-32A5D0425F67}.Release|Any CPU.ActiveCfg = Release|Any CPU
		{98ECE212-C3F8-4FEC-9B98-32A5D0425F67}.Release|Any CPU.Build.0 = Release|Any CPU
		{98ECE212-C3F8-4FEC-9B98-32A5D0425F67}.Release|x86.ActiveCfg = Release|Any CPU
		{98ECE212-C3F8-4FEC-9B98-32A5D0425F67}.Release|x86.Build.0 = Release|Any CPU
		{87DA45D1-0E2F-40E2-B0DA-388E85B9B5E7}.Debug|Any CPU.ActiveCfg = Debug|Any CPU
		{87DA45D1-0E2F-40E2-B0DA-388E85B9B5E7}.Debug|Any CPU.Build.0 = Debug|Any CPU
		{87DA45D1-0E2F-40E2-B0DA-388E85B9B5E7}.Debug|x86.ActiveCfg = Debug|Any CPU
		{87DA45D1-0E2F-40E2-B0DA-388E85B9B5E7}.Debug|x86.Build.0 = Debug|Any CPU
		{87DA45D1-0E2F-40E2-B0DA-388E85B9B5E7}.Release|Any CPU.ActiveCfg = Release|Any CPU
		{87DA45D1-0E2F-40E2-B0DA-388E85B9B5E7}.Release|Any CPU.Build.0 = Release|Any CPU
		{87DA45D1-0E2F-40E2-B0DA-388E85B9B5E7}.Release|x86.ActiveCfg = Release|Any CPU
		{87DA45D1-0E2F-40E2-B0DA-388E85B9B5E7}.Release|x86.Build.0 = Release|Any CPU
		{AD150327-EB44-4AFE-AD8F-A66E68E3DEB9}.Debug|Any CPU.ActiveCfg = Debug|Any CPU
		{AD150327-EB44-4AFE-AD8F-A66E68E3DEB9}.Debug|Any CPU.Build.0 = Debug|Any CPU
		{AD150327-EB44-4AFE-AD8F-A66E68E3DEB9}.Debug|x86.ActiveCfg = Debug|Any CPU
		{AD150327-EB44-4AFE-AD8F-A66E68E3DEB9}.Debug|x86.Build.0 = Debug|Any CPU
		{AD150327-EB44-4AFE-AD8F-A66E68E3DEB9}.Release|Any CPU.ActiveCfg = Release|Any CPU
		{AD150327-EB44-4AFE-AD8F-A66E68E3DEB9}.Release|Any CPU.Build.0 = Release|Any CPU
		{AD150327-EB44-4AFE-AD8F-A66E68E3DEB9}.Release|x86.ActiveCfg = Release|Any CPU
		{AD150327-EB44-4AFE-AD8F-A66E68E3DEB9}.Release|x86.Build.0 = Release|Any CPU
		{60C50467-141B-4273-9F52-FF5D45F86BAE}.Debug|Any CPU.ActiveCfg = Debug|Any CPU
		{60C50467-141B-4273-9F52-FF5D45F86BAE}.Debug|Any CPU.Build.0 = Debug|Any CPU
		{60C50467-141B-4273-9F52-FF5D45F86BAE}.Debug|x86.ActiveCfg = Debug|Any CPU
		{60C50467-141B-4273-9F52-FF5D45F86BAE}.Debug|x86.Build.0 = Debug|Any CPU
		{60C50467-141B-4273-9F52-FF5D45F86BAE}.Release|Any CPU.ActiveCfg = Release|Any CPU
		{60C50467-141B-4273-9F52-FF5D45F86BAE}.Release|Any CPU.Build.0 = Release|Any CPU
		{60C50467-141B-4273-9F52-FF5D45F86BAE}.Release|x86.ActiveCfg = Release|Any CPU
		{60C50467-141B-4273-9F52-FF5D45F86BAE}.Release|x86.Build.0 = Release|Any CPU
		{08DFA826-7B9A-4987-B005-6C0498DC569C}.Debug|Any CPU.ActiveCfg = Debug|Any CPU
		{08DFA826-7B9A-4987-B005-6C0498DC569C}.Debug|Any CPU.Build.0 = Debug|Any CPU
		{08DFA826-7B9A-4987-B005-6C0498DC569C}.Debug|x86.ActiveCfg = Debug|Any CPU
		{08DFA826-7B9A-4987-B005-6C0498DC569C}.Debug|x86.Build.0 = Debug|Any CPU
		{08DFA826-7B9A-4987-B005-6C0498DC569C}.Release|Any CPU.ActiveCfg = Release|Any CPU
		{08DFA826-7B9A-4987-B005-6C0498DC569C}.Release|Any CPU.Build.0 = Release|Any CPU
		{08DFA826-7B9A-4987-B005-6C0498DC569C}.Release|x86.ActiveCfg = Release|Any CPU
		{08DFA826-7B9A-4987-B005-6C0498DC569C}.Release|x86.Build.0 = Release|Any CPU
		{D0A21D44-741F-4749-895A-1E3FCC974C1D}.Debug|Any CPU.ActiveCfg = Debug|Any CPU
		{D0A21D44-741F-4749-895A-1E3FCC974C1D}.Debug|Any CPU.Build.0 = Debug|Any CPU
		{D0A21D44-741F-4749-895A-1E3FCC974C1D}.Debug|x86.ActiveCfg = Debug|Any CPU
		{D0A21D44-741F-4749-895A-1E3FCC974C1D}.Debug|x86.Build.0 = Debug|Any CPU
		{D0A21D44-741F-4749-895A-1E3FCC974C1D}.Release|Any CPU.ActiveCfg = Release|Any CPU
		{D0A21D44-741F-4749-895A-1E3FCC974C1D}.Release|Any CPU.Build.0 = Release|Any CPU
		{D0A21D44-741F-4749-895A-1E3FCC974C1D}.Release|x86.ActiveCfg = Release|Any CPU
		{D0A21D44-741F-4749-895A-1E3FCC974C1D}.Release|x86.Build.0 = Release|Any CPU
		{5DB8B579-1C04-4EB0-A689-31E2ACD39335}.Debug|Any CPU.ActiveCfg = Debug|Any CPU
		{5DB8B579-1C04-4EB0-A689-31E2ACD39335}.Debug|Any CPU.Build.0 = Debug|Any CPU
		{5DB8B579-1C04-4EB0-A689-31E2ACD39335}.Debug|x86.ActiveCfg = Debug|Any CPU
		{5DB8B579-1C04-4EB0-A689-31E2ACD39335}.Debug|x86.Build.0 = Debug|Any CPU
		{5DB8B579-1C04-4EB0-A689-31E2ACD39335}.Release|Any CPU.ActiveCfg = Release|Any CPU
		{5DB8B579-1C04-4EB0-A689-31E2ACD39335}.Release|Any CPU.Build.0 = Release|Any CPU
		{5DB8B579-1C04-4EB0-A689-31E2ACD39335}.Release|x86.ActiveCfg = Release|Any CPU
		{5DB8B579-1C04-4EB0-A689-31E2ACD39335}.Release|x86.Build.0 = Release|Any CPU
		{74EFF764-0D6A-4EAE-BEC8-37D2981B48DE}.Debug|Any CPU.ActiveCfg = Debug|Any CPU
		{74EFF764-0D6A-4EAE-BEC8-37D2981B48DE}.Debug|Any CPU.Build.0 = Debug|Any CPU
		{74EFF764-0D6A-4EAE-BEC8-37D2981B48DE}.Debug|x86.ActiveCfg = Debug|Any CPU
		{74EFF764-0D6A-4EAE-BEC8-37D2981B48DE}.Debug|x86.Build.0 = Debug|Any CPU
		{74EFF764-0D6A-4EAE-BEC8-37D2981B48DE}.Release|Any CPU.ActiveCfg = Release|Any CPU
		{74EFF764-0D6A-4EAE-BEC8-37D2981B48DE}.Release|Any CPU.Build.0 = Release|Any CPU
		{74EFF764-0D6A-4EAE-BEC8-37D2981B48DE}.Release|x86.ActiveCfg = Release|Any CPU
		{74EFF764-0D6A-4EAE-BEC8-37D2981B48DE}.Release|x86.Build.0 = Release|Any CPU
		{A716FB44-D56F-4CE0-9FCF-E4B82E9D4B51}.Debug|Any CPU.ActiveCfg = Debug|Any CPU
		{A716FB44-D56F-4CE0-9FCF-E4B82E9D4B51}.Debug|Any CPU.Build.0 = Debug|Any CPU
		{A716FB44-D56F-4CE0-9FCF-E4B82E9D4B51}.Debug|x86.ActiveCfg = Debug|Any CPU
		{A716FB44-D56F-4CE0-9FCF-E4B82E9D4B51}.Debug|x86.Build.0 = Debug|Any CPU
		{A716FB44-D56F-4CE0-9FCF-E4B82E9D4B51}.Release|Any CPU.ActiveCfg = Release|Any CPU
		{A716FB44-D56F-4CE0-9FCF-E4B82E9D4B51}.Release|Any CPU.Build.0 = Release|Any CPU
		{A716FB44-D56F-4CE0-9FCF-E4B82E9D4B51}.Release|x86.ActiveCfg = Release|Any CPU
		{A716FB44-D56F-4CE0-9FCF-E4B82E9D4B51}.Release|x86.Build.0 = Release|Any CPU
		{240CF20C-9773-4B03-A870-D05FF8E25AC6}.Debug|Any CPU.ActiveCfg = Debug|Any CPU
		{240CF20C-9773-4B03-A870-D05FF8E25AC6}.Debug|Any CPU.Build.0 = Debug|Any CPU
		{240CF20C-9773-4B03-A870-D05FF8E25AC6}.Debug|x86.ActiveCfg = Debug|Any CPU
		{240CF20C-9773-4B03-A870-D05FF8E25AC6}.Debug|x86.Build.0 = Debug|Any CPU
		{240CF20C-9773-4B03-A870-D05FF8E25AC6}.Release|Any CPU.ActiveCfg = Release|Any CPU
		{240CF20C-9773-4B03-A870-D05FF8E25AC6}.Release|Any CPU.Build.0 = Release|Any CPU
		{240CF20C-9773-4B03-A870-D05FF8E25AC6}.Release|x86.ActiveCfg = Release|Any CPU
		{240CF20C-9773-4B03-A870-D05FF8E25AC6}.Release|x86.Build.0 = Release|Any CPU
		{047F24B9-BB62-4175-A766-7D34927AB5B4}.Debug|Any CPU.ActiveCfg = Debug|Any CPU
		{047F24B9-BB62-4175-A766-7D34927AB5B4}.Debug|Any CPU.Build.0 = Debug|Any CPU
		{047F24B9-BB62-4175-A766-7D34927AB5B4}.Debug|x86.ActiveCfg = Debug|Any CPU
		{047F24B9-BB62-4175-A766-7D34927AB5B4}.Debug|x86.Build.0 = Debug|Any CPU
		{047F24B9-BB62-4175-A766-7D34927AB5B4}.Release|Any CPU.ActiveCfg = Release|Any CPU
		{047F24B9-BB62-4175-A766-7D34927AB5B4}.Release|Any CPU.Build.0 = Release|Any CPU
		{047F24B9-BB62-4175-A766-7D34927AB5B4}.Release|x86.ActiveCfg = Release|Any CPU
		{047F24B9-BB62-4175-A766-7D34927AB5B4}.Release|x86.Build.0 = Release|Any CPU
		{62683055-0C2B-4B69-8576-D5545A21E161}.Debug|Any CPU.ActiveCfg = Debug|Any CPU
		{62683055-0C2B-4B69-8576-D5545A21E161}.Debug|Any CPU.Build.0 = Debug|Any CPU
		{62683055-0C2B-4B69-8576-D5545A21E161}.Debug|x86.ActiveCfg = Debug|Any CPU
		{62683055-0C2B-4B69-8576-D5545A21E161}.Debug|x86.Build.0 = Debug|Any CPU
		{62683055-0C2B-4B69-8576-D5545A21E161}.Release|Any CPU.ActiveCfg = Release|Any CPU
		{62683055-0C2B-4B69-8576-D5545A21E161}.Release|Any CPU.Build.0 = Release|Any CPU
		{62683055-0C2B-4B69-8576-D5545A21E161}.Release|x86.ActiveCfg = Release|Any CPU
		{62683055-0C2B-4B69-8576-D5545A21E161}.Release|x86.Build.0 = Release|Any CPU
		{2C3F12A0-1391-4F12-B06D-6C3BCFFEE72A}.Debug|Any CPU.ActiveCfg = Debug|Any CPU
		{2C3F12A0-1391-4F12-B06D-6C3BCFFEE72A}.Debug|Any CPU.Build.0 = Debug|Any CPU
		{2C3F12A0-1391-4F12-B06D-6C3BCFFEE72A}.Debug|x86.ActiveCfg = Debug|Any CPU
		{2C3F12A0-1391-4F12-B06D-6C3BCFFEE72A}.Debug|x86.Build.0 = Debug|Any CPU
		{2C3F12A0-1391-4F12-B06D-6C3BCFFEE72A}.Release|Any CPU.ActiveCfg = Release|Any CPU
		{2C3F12A0-1391-4F12-B06D-6C3BCFFEE72A}.Release|Any CPU.Build.0 = Release|Any CPU
		{2C3F12A0-1391-4F12-B06D-6C3BCFFEE72A}.Release|x86.ActiveCfg = Release|Any CPU
		{2C3F12A0-1391-4F12-B06D-6C3BCFFEE72A}.Release|x86.Build.0 = Release|Any CPU
		{D9786F5C-0F4B-4F2B-B202-B54A2A31E799}.Debug|Any CPU.ActiveCfg = Debug|Any CPU
		{D9786F5C-0F4B-4F2B-B202-B54A2A31E799}.Debug|Any CPU.Build.0 = Debug|Any CPU
		{D9786F5C-0F4B-4F2B-B202-B54A2A31E799}.Debug|x86.ActiveCfg = Debug|Any CPU
		{D9786F5C-0F4B-4F2B-B202-B54A2A31E799}.Debug|x86.Build.0 = Debug|Any CPU
		{D9786F5C-0F4B-4F2B-B202-B54A2A31E799}.Release|Any CPU.ActiveCfg = Release|Any CPU
		{D9786F5C-0F4B-4F2B-B202-B54A2A31E799}.Release|Any CPU.Build.0 = Release|Any CPU
		{D9786F5C-0F4B-4F2B-B202-B54A2A31E799}.Release|x86.ActiveCfg = Release|Any CPU
		{D9786F5C-0F4B-4F2B-B202-B54A2A31E799}.Release|x86.Build.0 = Release|Any CPU
	EndGlobalSection
	GlobalSection(SolutionProperties) = preSolution
		HideSolutionNode = FALSE
	EndGlobalSection
	GlobalSection(NestedProjects) = preSolution
		{687AF48A-52C7-40EE-8A6C-7C7612CFD0E0} = {B722EBA3-C14B-4B95-A203-F0E7321F600C}
		{81828672-88B1-4651-9513-AEB3AF54E60C} = {B722EBA3-C14B-4B95-A203-F0E7321F600C}
		{B2C0F2DD-9ED2-4C2C-B246-FAE55BF1F068} = {B722EBA3-C14B-4B95-A203-F0E7321F600C}
		{D30B498A-B3C0-422A-8A99-92148A9B0E9A} = {B722EBA3-C14B-4B95-A203-F0E7321F600C}
		{4BF2C2D9-DAFF-49F0-87C3-EAEDB6C66F7B} = {B722EBA3-C14B-4B95-A203-F0E7321F600C}
		{3777CE66-FD46-4188-94B2-697C6BB66086} = {B722EBA3-C14B-4B95-A203-F0E7321F600C}
	EndGlobalSection
	GlobalSection(ExtensibilityGlobals) = postSolution
		SolutionGuid = {EF6F54E5-30D6-4AD2-A424-DCDDF362B481}
	EndGlobalSection
EndGlobal
