
Microsoft Visual Studio Solution File, Format Version 12.00
# Visual Studio Version 17
VisualStudioVersion = 17.0.31919.166
MinimumVisualStudioVersion = 10.0.40219.1
Project("{9A19103F-16F7-4668-BE54-9A1E7A4F7556}") = "WPF.RoutedEvent", "WPF.RoutedEvent\WPF.RoutedEvent.csproj", "{BCB1A6A7-48E3-47C0-9110-DF183D21A09E}"
EndProject
Project("{FAE04EC0-301F-11D3-BF4B-00C04F79EFBC}") = "WPF.Window", "WPF.Window\WPF.Window.csproj", "{28CC2667-54EE-46C7-8FC2-F904BDF90096}"
EndProject
Project("{FAE04EC0-301F-11D3-BF4B-00C04F79EFBC}") = "WPF.VisualState", "WPF.VisualState\WPF.VisualState.csproj", "{9182E0BD-9D29-4B86-940A-16ADCEE3B317}"
EndProject
Project("{FAE04EC0-301F-11D3-BF4B-00C04F79EFBC}") = "WPF.TreeView", "WPF.TreeView\WPF.TreeView.csproj", "{8C4B6AD0-2D5F-462C-8321-429F02523159}"
EndProject
Project("{FAE04EC0-301F-11D3-BF4B-00C04F79EFBC}") = "WPF.Thumb", "WPF.Thumb\WPF.Thumb.csproj", "{D9BC6D7F-6118-4ECC-812A-6D9C0BC4C0C8}"
EndProject
Project("{FAE04EC0-301F-11D3-BF4B-00C04F79EFBC}") = "WPF.TextBox", "WPF.TextBox\WPF.TextBox.csproj", "{B892876D-8D83-4BBE-B7B2-D9AA6FFFC680}"
EndProject
Project("{FAE04EC0-301F-11D3-BF4B-00C04F79EFBC}") = "WPF.TextBlock", "WPF.TextBlock\WPF.TextBlock.csproj", "{5FE8F81F-FDE9-478D-8BD2-A74C474B3AFB}"
EndProject
Project("{FAE04EC0-301F-11D3-BF4B-00C04F79EFBC}") = "WPF.TabControl", "WPF.TabControl\WPF.TabControl.csproj", "{4866E61C-11F0-464A-BE24-2B867D23459D}"
EndProject
Project("{FAE04EC0-301F-11D3-BF4B-00C04F79EFBC}") = "WPF.Panel", "WPF.Panel\WPF.Panel.csproj", "{F5EC7A49-2BB0-4B68-A21D-AC76EA31A317}"
EndProject
Project("{FAE04EC0-301F-11D3-BF4B-00C04F79EFBC}") = "WPF.Navigate", "WPF.Navigate\WPF.Navigate.csproj", "{6F0B98E3-4FF1-49CF-AE97-762E0B359B68}"
EndProject
Project("{FAE04EC0-301F-11D3-BF4B-00C04F79EFBC}") = "WPF.Mouse", "WPF.Mouse\WPF.Mouse.csproj", "{C9E64179-FBA2-4D66-8173-6C6FB5A32830}"
EndProject
Project("{FAE04EC0-301F-11D3-BF4B-00C04F79EFBC}") = "WPF.ListBox", "WPF.ListBox\WPF.ListBox.csproj", "{4FF11408-BA93-4A0F-9DA3-47AD2A96C1DE}"
EndProject
Project("{FAE04EC0-301F-11D3-BF4B-00C04F79EFBC}") = "WPF.ItemsControl", "WPF.ItemsControl\WPF.ItemsControl.csproj", "{E946BA0E-50C4-4084-A246-786F9787D668}"
EndProject
Project("{FAE04EC0-301F-11D3-BF4B-00C04F79EFBC}") = "WPF.Grid", "WPF.Grid\WPF.Grid.csproj", "{9725B827-C994-4D7B-BD21-C1EE71142714}"
EndProject
Project("{FAE04EC0-301F-11D3-BF4B-00C04F79EFBC}") = "WPF.Expander", "WPF.Expander\WPF.Expander.csproj", "{4A89B3DF-7B74-46B6-B131-3077224994A5}"
EndProject
Project("{FAE04EC0-301F-11D3-BF4B-00C04F79EFBC}") = "WPF.DependencyProperty", "WPF.DependencyProperty\WPF.DependencyProperty.csproj", "{24F56F2A-1C5E-4D67-BC6A-5CC0BE3375DA}"
EndProject
Project("{FAE04EC0-301F-11D3-BF4B-00C04F79EFBC}") = "WPF.DataGrid", "WPF.DataGrid\WPF.DataGrid.csproj", "{0CE151DB-622A-41ED-AEB6-21D6F614F3DB}"
EndProject
Project("{FAE04EC0-301F-11D3-BF4B-00C04F79EFBC}") = "WPF.ContentControl", "WPF.ContentControl\WPF.ContentControl.csproj", "{C4764891-4F45-43F4-A1CA-DA66937F9624}"
EndProject
Project("{FAE04EC0-301F-11D3-BF4B-00C04F79EFBC}") = "WPF.CheckBox", "WPF.CheckBox\WPF.CheckBox.csproj", "{B2653C06-BBB7-44A9-9452-446FF0675BB4}"
EndProject
Project("{FAE04EC0-301F-11D3-BF4B-00C04F79EFBC}") = "WPF.Button", "WPF.Button\WPF.Button.csproj", "{3A38B853-3F99-4EF8-B8D1-F8FA8F06C5C4}"
EndProject
Project("{FAE04EC0-301F-11D3-BF4B-00C04F79EFBC}") = "WPF.Draw3D", "WPF.Draw3D\WPF.Draw3D.csproj", "{E8C0EDA3-4B34-4E04-B3D0-A713A50AC144}"
EndProject
Project("{FAE04EC0-301F-11D3-BF4B-00C04F79EFBC}") = "WPF.Common", "WPF.Common\WPF.Common.csproj", "{A0F9C22B-B526-44DD-B58A-A837E3A833EC}"
EndProject
Project("{FAE04EC0-301F-11D3-BF4B-00C04F79EFBC}") = "WPF.Animation", "WPF.Animation\WPF.Animation.csproj", "{49748DC9-DDDC-451D-9C8C-9A1604927A6B}"
EndProject
Project("{FAE04EC0-301F-11D3-BF4B-00C04F79EFBC}") = "WPF.Chart", "WPF.Chart\WPF.Chart.csproj", "{32C557F8-AE25-4877-B41A-E411C6A26E39}"
EndProject
Project("{FAE04EC0-301F-11D3-BF4B-00C04F79EFBC}") = "WPF.ComboBox", "WPF.ComboBox\WPF.ComboBox.csproj", "{19A5995B-1538-48EC-BEB6-029273840FA4}"
EndProject
Project("{FAE04EC0-301F-11D3-BF4B-00C04F79EFBC}") = "WPF.Win32API", "WPF.Win32API\WPF.Win32API.csproj", "{55277E95-2CAF-441F-8EA3-513311C274CB}"
EndProject
Project("{FAE04EC0-301F-11D3-BF4B-00C04F79EFBC}") = "WPF.UniformGrid", "WPF.UniformGrid\WPF.UniformGrid.csproj", "{CEF4C985-0764-4471-96C2-CE562A521B98}"
EndProject
Project("{FAE04EC0-301F-11D3-BF4B-00C04F79EFBC}") = "WPF.VisualBrush", "WPF.VisualBrush\WPF.VisualBrush.csproj", "{5F380251-FDCD-4D70-932A-A1EABFB1F0E1}"
EndProject
Project("{FAE04EC0-301F-11D3-BF4B-00C04F79EFBC}") = "WPF.Slider", "WPF.Slider\WPF.Slider.csproj", "{5192C92A-A861-4EA7-8713-0C0623EE938D}"
EndProject
Project("{FAE04EC0-301F-11D3-BF4B-00C04F79EFBC}") = "WPF.ScrollBar", "WPF.ScrollBar\WPF.ScrollBar.csproj", "{917FD9CA-E0F0-45F8-B5CA-4CF9A2136464}"
EndProject
Project("{FAE04EC0-301F-11D3-BF4B-00C04F79EFBC}") = "WPF.ProgressBar", "WPF.ProgressBar\WPF.ProgressBar.csproj", "{647E4248-D742-4E76-AADE-5084437971A7}"
EndProject
Project("{FAE04EC0-301F-11D3-BF4B-00C04F79EFBC}") = "WPF.ListView", "WPF.ListView\WPF.ListView.csproj", "{DBB7ACC8-DC26-4966-8E1E-58AA013AE7CE}"
EndProject
Project("{FAE04EC0-301F-11D3-BF4B-00C04F79EFBC}") = "WPF.Behavior", "WPF.Behavior\WPF.Behavior.csproj", "{A97B1CCA-50C4-4AE9-8487-C911B68836CB}"
EndProject
Project("{FAE04EC0-301F-11D3-BF4B-00C04F79EFBC}") = "WPF.WindowChrome", "WPF.WindowChrome\WPF.WindowChrome.csproj", "{C266BFD5-2850-4657-9D33-0262E424E546}"
EndProject
Project("{2150E333-8FDC-42A3-9474-1A3956D46DE8}") = "WPF_Samples", "WPF_Samples", "{FA9CEFBE-5ABE-49F5-A33F-A5827E099778}"
EndProject
Project("{FAE04EC0-301F-11D3-BF4B-00C04F79EFBC}") = "WPF.Event", "WPF.Event\WPF.Event.csproj", "{76D641E9-125C-4873-8B76-D152CA22F333}"
EndProject
Project("{9A19103F-16F7-4668-BE54-9A1E7A4F7556}") = "AnimationExamples", "..\..\WPF-Samples-main\Animation\AnimationExamples\AnimationExamples.csproj", "{E230228F-54C2-4929-BD65-21E67E08B3E7}"
EndProject
Project("{9A19103F-16F7-4668-BE54-9A1E7A4F7556}") = "WPF.Graphics", "WPF.Graphics\WPF.Graphics.csproj", "{12967860-BEEB-46D5-BB39-6311614DD9D1}"
EndProject
Global
	GlobalSection(SolutionConfigurationPlatforms) = preSolution
		Debug|Any CPU = Debug|Any CPU
		Release|Any CPU = Release|Any CPU
	EndGlobalSection
	GlobalSection(ProjectConfigurationPlatforms) = postSolution
		{BCB1A6A7-48E3-47C0-9110-DF183D21A09E}.Debug|Any CPU.ActiveCfg = Debug|Any CPU
		{BCB1A6A7-48E3-47C0-9110-DF183D21A09E}.Debug|Any CPU.Build.0 = Debug|Any CPU
		{BCB1A6A7-48E3-47C0-9110-DF183D21A09E}.Release|Any CPU.ActiveCfg = Release|Any CPU
		{BCB1A6A7-48E3-47C0-9110-DF183D21A09E}.Release|Any CPU.Build.0 = Release|Any CPU
		{28CC2667-54EE-46C7-8FC2-F904BDF90096}.Debug|Any CPU.ActiveCfg = Debug|Any CPU
		{28CC2667-54EE-46C7-8FC2-F904BDF90096}.Debug|Any CPU.Build.0 = Debug|Any CPU
		{28CC2667-54EE-46C7-8FC2-F904BDF90096}.Release|Any CPU.ActiveCfg = Release|Any CPU
		{28CC2667-54EE-46C7-8FC2-F904BDF90096}.Release|Any CPU.Build.0 = Release|Any CPU
		{9182E0BD-9D29-4B86-940A-16ADCEE3B317}.Debug|Any CPU.ActiveCfg = Debug|Any CPU
		{9182E0BD-9D29-4B86-940A-16ADCEE3B317}.Debug|Any CPU.Build.0 = Debug|Any CPU
		{9182E0BD-9D29-4B86-940A-16ADCEE3B317}.Release|Any CPU.ActiveCfg = Release|Any CPU
		{9182E0BD-9D29-4B86-940A-16ADCEE3B317}.Release|Any CPU.Build.0 = Release|Any CPU
		{8C4B6AD0-2D5F-462C-8321-429F02523159}.Debug|Any CPU.ActiveCfg = Debug|Any CPU
		{8C4B6AD0-2D5F-462C-8321-429F02523159}.Debug|Any CPU.Build.0 = Debug|Any CPU
		{8C4B6AD0-2D5F-462C-8321-429F02523159}.Release|Any CPU.ActiveCfg = Release|Any CPU
		{8C4B6AD0-2D5F-462C-8321-429F02523159}.Release|Any CPU.Build.0 = Release|Any CPU
		{D9BC6D7F-6118-4ECC-812A-6D9C0BC4C0C8}.Debug|Any CPU.ActiveCfg = Debug|Any CPU
		{D9BC6D7F-6118-4ECC-812A-6D9C0BC4C0C8}.Debug|Any CPU.Build.0 = Debug|Any CPU
		{D9BC6D7F-6118-4ECC-812A-6D9C0BC4C0C8}.Release|Any CPU.ActiveCfg = Release|Any CPU
		{D9BC6D7F-6118-4ECC-812A-6D9C0BC4C0C8}.Release|Any CPU.Build.0 = Release|Any CPU
		{B892876D-8D83-4BBE-B7B2-D9AA6FFFC680}.Debug|Any CPU.ActiveCfg = Debug|Any CPU
		{B892876D-8D83-4BBE-B7B2-D9AA6FFFC680}.Debug|Any CPU.Build.0 = Debug|Any CPU
		{B892876D-8D83-4BBE-B7B2-D9AA6FFFC680}.Release|Any CPU.ActiveCfg = Release|Any CPU
		{B892876D-8D83-4BBE-B7B2-D9AA6FFFC680}.Release|Any CPU.Build.0 = Release|Any CPU
		{5FE8F81F-FDE9-478D-8BD2-A74C474B3AFB}.Debug|Any CPU.ActiveCfg = Debug|Any CPU
		{5FE8F81F-FDE9-478D-8BD2-A74C474B3AFB}.Debug|Any CPU.Build.0 = Debug|Any CPU
		{5FE8F81F-FDE9-478D-8BD2-A74C474B3AFB}.Release|Any CPU.ActiveCfg = Release|Any CPU
		{5FE8F81F-FDE9-478D-8BD2-A74C474B3AFB}.Release|Any CPU.Build.0 = Release|Any CPU
		{4866E61C-11F0-464A-BE24-2B867D23459D}.Debug|Any CPU.ActiveCfg = Debug|Any CPU
		{4866E61C-11F0-464A-BE24-2B867D23459D}.Debug|Any CPU.Build.0 = Debug|Any CPU
		{4866E61C-11F0-464A-BE24-2B867D23459D}.Release|Any CPU.ActiveCfg = Release|Any CPU
		{4866E61C-11F0-464A-BE24-2B867D23459D}.Release|Any CPU.Build.0 = Release|Any CPU
		{F5EC7A49-2BB0-4B68-A21D-AC76EA31A317}.Debug|Any CPU.ActiveCfg = Debug|Any CPU
		{F5EC7A49-2BB0-4B68-A21D-AC76EA31A317}.Debug|Any CPU.Build.0 = Debug|Any CPU
		{F5EC7A49-2BB0-4B68-A21D-AC76EA31A317}.Release|Any CPU.ActiveCfg = Release|Any CPU
		{F5EC7A49-2BB0-4B68-A21D-AC76EA31A317}.Release|Any CPU.Build.0 = Release|Any CPU
		{6F0B98E3-4FF1-49CF-AE97-762E0B359B68}.Debug|Any CPU.ActiveCfg = Debug|Any CPU
		{6F0B98E3-4FF1-49CF-AE97-762E0B359B68}.Debug|Any CPU.Build.0 = Debug|Any CPU
		{6F0B98E3-4FF1-49CF-AE97-762E0B359B68}.Release|Any CPU.ActiveCfg = Release|Any CPU
		{6F0B98E3-4FF1-49CF-AE97-762E0B359B68}.Release|Any CPU.Build.0 = Release|Any CPU
		{C9E64179-FBA2-4D66-8173-6C6FB5A32830}.Debug|Any CPU.ActiveCfg = Debug|Any CPU
		{C9E64179-FBA2-4D66-8173-6C6FB5A32830}.Debug|Any CPU.Build.0 = Debug|Any CPU
		{C9E64179-FBA2-4D66-8173-6C6FB5A32830}.Release|Any CPU.ActiveCfg = Release|Any CPU
		{C9E64179-FBA2-4D66-8173-6C6FB5A32830}.Release|Any CPU.Build.0 = Release|Any CPU
		{4FF11408-BA93-4A0F-9DA3-47AD2A96C1DE}.Debug|Any CPU.ActiveCfg = Debug|Any CPU
		{4FF11408-BA93-4A0F-9DA3-47AD2A96C1DE}.Debug|Any CPU.Build.0 = Debug|Any CPU
		{4FF11408-BA93-4A0F-9DA3-47AD2A96C1DE}.Release|Any CPU.ActiveCfg = Release|Any CPU
		{4FF11408-BA93-4A0F-9DA3-47AD2A96C1DE}.Release|Any CPU.Build.0 = Release|Any CPU
		{E946BA0E-50C4-4084-A246-786F9787D668}.Debug|Any CPU.ActiveCfg = Debug|Any CPU
		{E946BA0E-50C4-4084-A246-786F9787D668}.Debug|Any CPU.Build.0 = Debug|Any CPU
		{E946BA0E-50C4-4084-A246-786F9787D668}.Release|Any CPU.ActiveCfg = Release|Any CPU
		{E946BA0E-50C4-4084-A246-786F9787D668}.Release|Any CPU.Build.0 = Release|Any CPU
		{9725B827-C994-4D7B-BD21-C1EE71142714}.Debug|Any CPU.ActiveCfg = Debug|Any CPU
		{9725B827-C994-4D7B-BD21-C1EE71142714}.Debug|Any CPU.Build.0 = Debug|Any CPU
		{9725B827-C994-4D7B-BD21-C1EE71142714}.Release|Any CPU.ActiveCfg = Release|Any CPU
		{9725B827-C994-4D7B-BD21-C1EE71142714}.Release|Any CPU.Build.0 = Release|Any CPU
		{4A89B3DF-7B74-46B6-B131-3077224994A5}.Debug|Any CPU.ActiveCfg = Debug|Any CPU
		{4A89B3DF-7B74-46B6-B131-3077224994A5}.Debug|Any CPU.Build.0 = Debug|Any CPU
		{4A89B3DF-7B74-46B6-B131-3077224994A5}.Release|Any CPU.ActiveCfg = Release|Any CPU
		{4A89B3DF-7B74-46B6-B131-3077224994A5}.Release|Any CPU.Build.0 = Release|Any CPU
		{24F56F2A-1C5E-4D67-BC6A-5CC0BE3375DA}.Debug|Any CPU.ActiveCfg = Debug|Any CPU
		{24F56F2A-1C5E-4D67-BC6A-5CC0BE3375DA}.Debug|Any CPU.Build.0 = Debug|Any CPU
		{24F56F2A-1C5E-4D67-BC6A-5CC0BE3375DA}.Release|Any CPU.ActiveCfg = Release|Any CPU
		{24F56F2A-1C5E-4D67-BC6A-5CC0BE3375DA}.Release|Any CPU.Build.0 = Release|Any CPU
		{0CE151DB-622A-41ED-AEB6-21D6F614F3DB}.Debug|Any CPU.ActiveCfg = Debug|Any CPU
		{0CE151DB-622A-41ED-AEB6-21D6F614F3DB}.Debug|Any CPU.Build.0 = Debug|Any CPU
		{0CE151DB-622A-41ED-AEB6-21D6F614F3DB}.Release|Any CPU.ActiveCfg = Release|Any CPU
		{0CE151DB-622A-41ED-AEB6-21D6F614F3DB}.Release|Any CPU.Build.0 = Release|Any CPU
		{C4764891-4F45-43F4-A1CA-DA66937F9624}.Debug|Any CPU.ActiveCfg = Debug|Any CPU
		{C4764891-4F45-43F4-A1CA-DA66937F9624}.Debug|Any CPU.Build.0 = Debug|Any CPU
		{C4764891-4F45-43F4-A1CA-DA66937F9624}.Release|Any CPU.ActiveCfg = Release|Any CPU
		{C4764891-4F45-43F4-A1CA-DA66937F9624}.Release|Any CPU.Build.0 = Release|Any CPU
		{B2653C06-BBB7-44A9-9452-446FF0675BB4}.Debug|Any CPU.ActiveCfg = Debug|Any CPU
		{B2653C06-BBB7-44A9-9452-446FF0675BB4}.Debug|Any CPU.Build.0 = Debug|Any CPU
		{B2653C06-BBB7-44A9-9452-446FF0675BB4}.Release|Any CPU.ActiveCfg = Release|Any CPU
		{B2653C06-BBB7-44A9-9452-446FF0675BB4}.Release|Any CPU.Build.0 = Release|Any CPU
		{3A38B853-3F99-4EF8-B8D1-F8FA8F06C5C4}.Debug|Any CPU.ActiveCfg = Debug|Any CPU
		{3A38B853-3F99-4EF8-B8D1-F8FA8F06C5C4}.Debug|Any CPU.Build.0 = Debug|Any CPU
		{3A38B853-3F99-4EF8-B8D1-F8FA8F06C5C4}.Release|Any CPU.ActiveCfg = Release|Any CPU
		{3A38B853-3F99-4EF8-B8D1-F8FA8F06C5C4}.Release|Any CPU.Build.0 = Release|Any CPU
		{E8C0EDA3-4B34-4E04-B3D0-A713A50AC144}.Debug|Any CPU.ActiveCfg = Debug|Any CPU
		{E8C0EDA3-4B34-4E04-B3D0-A713A50AC144}.Debug|Any CPU.Build.0 = Debug|Any CPU
		{E8C0EDA3-4B34-4E04-B3D0-A713A50AC144}.Release|Any CPU.ActiveCfg = Release|Any CPU
		{E8C0EDA3-4B34-4E04-B3D0-A713A50AC144}.Release|Any CPU.Build.0 = Release|Any CPU
		{A0F9C22B-B526-44DD-B58A-A837E3A833EC}.Debug|Any CPU.ActiveCfg = Debug|Any CPU
		{A0F9C22B-B526-44DD-B58A-A837E3A833EC}.Debug|Any CPU.Build.0 = Debug|Any CPU
		{A0F9C22B-B526-44DD-B58A-A837E3A833EC}.Release|Any CPU.ActiveCfg = Release|Any CPU
		{A0F9C22B-B526-44DD-B58A-A837E3A833EC}.Release|Any CPU.Build.0 = Release|Any CPU
		{49748DC9-DDDC-451D-9C8C-9A1604927A6B}.Debug|Any CPU.ActiveCfg = Debug|Any CPU
		{49748DC9-DDDC-451D-9C8C-9A1604927A6B}.Debug|Any CPU.Build.0 = Debug|Any CPU
		{49748DC9-DDDC-451D-9C8C-9A1604927A6B}.Release|Any CPU.ActiveCfg = Release|Any CPU
		{49748DC9-DDDC-451D-9C8C-9A1604927A6B}.Release|Any CPU.Build.0 = Release|Any CPU
		{32C557F8-AE25-4877-B41A-E411C6A26E39}.Debug|Any CPU.ActiveCfg = Debug|Any CPU
		{32C557F8-AE25-4877-B41A-E411C6A26E39}.Debug|Any CPU.Build.0 = Debug|Any CPU
		{32C557F8-AE25-4877-B41A-E411C6A26E39}.Release|Any CPU.ActiveCfg = Release|Any CPU
		{32C557F8-AE25-4877-B41A-E411C6A26E39}.Release|Any CPU.Build.0 = Release|Any CPU
		{19A5995B-1538-48EC-BEB6-029273840FA4}.Debug|Any CPU.ActiveCfg = Debug|Any CPU
		{19A5995B-1538-48EC-BEB6-029273840FA4}.Debug|Any CPU.Build.0 = Debug|Any CPU
		{19A5995B-1538-48EC-BEB6-029273840FA4}.Release|Any CPU.ActiveCfg = Release|Any CPU
		{19A5995B-1538-48EC-BEB6-029273840FA4}.Release|Any CPU.Build.0 = Release|Any CPU
		{55277E95-2CAF-441F-8EA3-513311C274CB}.Debug|Any CPU.ActiveCfg = Debug|Any CPU
		{55277E95-2CAF-441F-8EA3-513311C274CB}.Debug|Any CPU.Build.0 = Debug|Any CPU
		{55277E95-2CAF-441F-8EA3-513311C274CB}.Release|Any CPU.ActiveCfg = Release|Any CPU
		{55277E95-2CAF-441F-8EA3-513311C274CB}.Release|Any CPU.Build.0 = Release|Any CPU
		{CEF4C985-0764-4471-96C2-CE562A521B98}.Debug|Any CPU.ActiveCfg = Debug|Any CPU
		{CEF4C985-0764-4471-96C2-CE562A521B98}.Debug|Any CPU.Build.0 = Debug|Any CPU
		{CEF4C985-0764-4471-96C2-CE562A521B98}.Release|Any CPU.ActiveCfg = Release|Any CPU
		{CEF4C985-0764-4471-96C2-CE562A521B98}.Release|Any CPU.Build.0 = Release|Any CPU
		{5F380251-FDCD-4D70-932A-A1EABFB1F0E1}.Debug|Any CPU.ActiveCfg = Debug|Any CPU
		{5F380251-FDCD-4D70-932A-A1EABFB1F0E1}.Debug|Any CPU.Build.0 = Debug|Any CPU
		{5F380251-FDCD-4D70-932A-A1EABFB1F0E1}.Release|Any CPU.ActiveCfg = Release|Any CPU
		{5F380251-FDCD-4D70-932A-A1EABFB1F0E1}.Release|Any CPU.Build.0 = Release|Any CPU
		{5192C92A-A861-4EA7-8713-0C0623EE938D}.Debug|Any CPU.ActiveCfg = Debug|Any CPU
		{5192C92A-A861-4EA7-8713-0C0623EE938D}.Debug|Any CPU.Build.0 = Debug|Any CPU
		{5192C92A-A861-4EA7-8713-0C0623EE938D}.Release|Any CPU.ActiveCfg = Release|Any CPU
		{5192C92A-A861-4EA7-8713-0C0623EE938D}.Release|Any CPU.Build.0 = Release|Any CPU
		{917FD9CA-E0F0-45F8-B5CA-4CF9A2136464}.Debug|Any CPU.ActiveCfg = Debug|Any CPU
		{917FD9CA-E0F0-45F8-B5CA-4CF9A2136464}.Debug|Any CPU.Build.0 = Debug|Any CPU
		{917FD9CA-E0F0-45F8-B5CA-4CF9A2136464}.Release|Any CPU.ActiveCfg = Release|Any CPU
		{917FD9CA-E0F0-45F8-B5CA-4CF9A2136464}.Release|Any CPU.Build.0 = Release|Any CPU
		{647E4248-D742-4E76-AADE-5084437971A7}.Debug|Any CPU.ActiveCfg = Debug|Any CPU
		{647E4248-D742-4E76-AADE-5084437971A7}.Debug|Any CPU.Build.0 = Debug|Any CPU
		{647E4248-D742-4E76-AADE-5084437971A7}.Release|Any CPU.ActiveCfg = Release|Any CPU
		{647E4248-D742-4E76-AADE-5084437971A7}.Release|Any CPU.Build.0 = Release|Any CPU
		{DBB7ACC8-DC26-4966-8E1E-58AA013AE7CE}.Debug|Any CPU.ActiveCfg = Debug|Any CPU
		{DBB7ACC8-DC26-4966-8E1E-58AA013AE7CE}.Debug|Any CPU.Build.0 = Debug|Any CPU
		{DBB7ACC8-DC26-4966-8E1E-58AA013AE7CE}.Release|Any CPU.ActiveCfg = Release|Any CPU
		{DBB7ACC8-DC26-4966-8E1E-58AA013AE7CE}.Release|Any CPU.Build.0 = Release|Any CPU
		{A97B1CCA-50C4-4AE9-8487-C911B68836CB}.Debug|Any CPU.ActiveCfg = Debug|Any CPU
		{A97B1CCA-50C4-4AE9-8487-C911B68836CB}.Debug|Any CPU.Build.0 = Debug|Any CPU
		{A97B1CCA-50C4-4AE9-8487-C911B68836CB}.Release|Any CPU.ActiveCfg = Release|Any CPU
		{A97B1CCA-50C4-4AE9-8487-C911B68836CB}.Release|Any CPU.Build.0 = Release|Any CPU
		{C266BFD5-2850-4657-9D33-0262E424E546}.Debug|Any CPU.ActiveCfg = Debug|Any CPU
		{C266BFD5-2850-4657-9D33-0262E424E546}.Debug|Any CPU.Build.0 = Debug|Any CPU
		{C266BFD5-2850-4657-9D33-0262E424E546}.Release|Any CPU.ActiveCfg = Release|Any CPU
		{C266BFD5-2850-4657-9D33-0262E424E546}.Release|Any CPU.Build.0 = Release|Any CPU
		{76D641E9-125C-4873-8B76-D152CA22F333}.Debug|Any CPU.ActiveCfg = Debug|Any CPU
		{76D641E9-125C-4873-8B76-D152CA22F333}.Debug|Any CPU.Build.0 = Debug|Any CPU
		{76D641E9-125C-4873-8B76-D152CA22F333}.Release|Any CPU.ActiveCfg = Release|Any CPU
		{76D641E9-125C-4873-8B76-D152CA22F333}.Release|Any CPU.Build.0 = Release|Any CPU
		{E230228F-54C2-4929-BD65-21E67E08B3E7}.Debug|Any CPU.ActiveCfg = Debug|Any CPU
		{E230228F-54C2-4929-BD65-21E67E08B3E7}.Debug|Any CPU.Build.0 = Debug|Any CPU
		{E230228F-54C2-4929-BD65-21E67E08B3E7}.Release|Any CPU.ActiveCfg = Release|Any CPU
		{E230228F-54C2-4929-BD65-21E67E08B3E7}.Release|Any CPU.Build.0 = Release|Any CPU
		{12967860-BEEB-46D5-BB39-6311614DD9D1}.Debug|Any CPU.ActiveCfg = Debug|Any CPU
		{12967860-BEEB-46D5-BB39-6311614DD9D1}.Debug|Any CPU.Build.0 = Debug|Any CPU
		{12967860-BEEB-46D5-BB39-6311614DD9D1}.Release|Any CPU.ActiveCfg = Release|Any CPU
		{12967860-BEEB-46D5-BB39-6311614DD9D1}.Release|Any CPU.Build.0 = Release|Any CPU
	EndGlobalSection
	GlobalSection(SolutionProperties) = preSolution
		HideSolutionNode = FALSE
	EndGlobalSection
	GlobalSection(NestedProjects) = preSolution
		{E230228F-54C2-4929-BD65-21E67E08B3E7} = {FA9CEFBE-5ABE-49F5-A33F-A5827E099778}
	EndGlobalSection
	GlobalSection(ExtensibilityGlobals) = postSolution
		SolutionGuid = {EF6F54E5-30D6-4AD2-A424-DCDDF362B481}
	EndGlobalSection
EndGlobal
